// !$*UTF8*$!
{
	archiveVersion = 1;
	classes = {
	};
	objectVersion = 46;
	objects = {
		D7BA7D76DAB5DD13389D6332 = {
			buildActionMask = 2147483647;
			files = (
				);
			generatedFileNames = (
				);
			isa = PBXShellScriptBuildPhase;
			name = "Qt Qmake";
			neededFileNames = (
				);
			shellPath = "/bin/sh";
			shellScript = "make\ -C\ /Users/dirkfuchs/Programming/BrainiacNG\ -f\ \'BrainiacNG.xcodeproj/qt_makeqmake.mak\'";
		};
		118FCBAABA162BA17933C789 = {
			isa = PBXFileReference;
			name = "main.cpp";
			path = "main.cpp";
			refType = 4;
			lastKnownFileType = "sourcecode.cpp.cpp";
		};
		2B093CA6F071B023A473CED0 = {
			fileRef = "118FCBAABA162BA17933C789";
			isa = PBXBuildFile;
			settings = {
				ATTRIBUTES = (
					);
			};
		};
		675FC485480C589A982951B1 = {
			isa = PBXFileReference;
			name = "mainwindow.cpp";
			path = "gui/mainwindow.cpp";
			refType = 4;
			lastKnownFileType = "sourcecode.cpp.cpp";
		};
		AB6927FB8B7DBE4812861F37 = {
			fileRef = "675FC485480C589A982951B1";
			isa = PBXBuildFile;
			settings = {
				ATTRIBUTES = (
					);
			};
		};
		2B9909A3E79AA17873A85C10 = {
			isa = PBXFileReference;
			name = "scene.cpp";
			path = "core/scene.cpp";
			refType = 4;
			lastKnownFileType = "sourcecode.cpp.cpp";
		};
		216B5F6CFDF4718C3A113971 = {
			fileRef = "2B9909A3E79AA17873A85C10";
			isa = PBXBuildFile;
			settings = {
				ATTRIBUTES = (
					);
			};
		};
		9F42F7A6B5ED348F63C9BA53 = {
			isa = PBXFileReference;
			name = "fuzzybase.cpp";
			path = "core/agent/brain/fuzzybase.cpp";
			refType = 4;
			lastKnownFileType = "sourcecode.cpp.cpp";
		};
		EF4176DEE24D99128BB26C51 = {
			fileRef = "9F42F7A6B5ED348F63C9BA53";
			isa = PBXBuildFile;
			settings = {
				ATTRIBUTES = (
					);
			};
		};
		EA5DE0A9945EBD9551D0A05C = {
			isa = PBXFileReference;
			name = "generator.cpp";
			path = "core/generator/generator.cpp";
			refType = 4;
			lastKnownFileType = "sourcecode.cpp.cpp";
		};
		2433F7D270A3DD5A688ABE81 = {
			fileRef = "EA5DE0A9945EBD9551D0A05C";
			isa = PBXBuildFile;
			settings = {
				ATTRIBUTES = (
					);
			};
		};
		56D60C8FD51E865C920535D1 = {
			isa = PBXFileReference;
			name = "pointgenerator.cpp";
			path = "core/generator/pointgenerator.cpp";
			refType = 4;
			lastKnownFileType = "sourcecode.cpp.cpp";
		};
		FF1319AF7F02E65EC4DE1319 = {
			fileRef = "56D60C8FD51E865C920535D1";
			isa = PBXBuildFile;
			settings = {
				ATTRIBUTES = (
					);
			};
		};
		9B7AFCF05837E15D291FBA85 = {
			isa = PBXFileReference;
			name = "mainwindowlayout.cpp";
			path = "gui/mainwindowlayout.cpp";
			refType = 4;
			lastKnownFileType = "sourcecode.cpp.cpp";
		};
		A2D5D5E2D22837F815A54415 = {
			fileRef = "9B7AFCF05837E15D291FBA85";
			isa = PBXBuildFile;
			settings = {
				ATTRIBUTES = (
					);
			};
		};
		EF715338C737ACB084A87453 = {
			isa = PBXFileReference;
			name = "editorlabel.cpp";
			path = "gui/editorlabel.cpp";
			refType = 4;
			lastKnownFileType = "sourcecode.cpp.cpp";
		};
		2F891E57EB6326101DAE150A = {
			fileRef = "EF715338C737ACB084A87453";
			isa = PBXBuildFile;
			settings = {
				ATTRIBUTES = (
					);
			};
		};
		9A80F93ADE2373BA16A325F3 = {
			isa = PBXFileReference;
			name = "editorgraphicsview.cpp";
			path = "gui/editorgraphicsview.cpp";
			refType = 4;
			lastKnownFileType = "sourcecode.cpp.cpp";
		};
		0D8D2F13C5BCD1754D177CB6 = {
			fileRef = "9A80F93ADE2373BA16A325F3";
			isa = PBXBuildFile;
			settings = {
				ATTRIBUTES = (
					);
			};
		};
		FD760062A73EC27A9CEF2A12 = {
			isa = PBXFileReference;
			name = "sceneeditor.cpp";
			path = "gui/sceneeditor/sceneeditor.cpp";
			refType = 4;
			lastKnownFileType = "sourcecode.cpp.cpp";
		};
		F5F4F4B6BBFA6F328E9F42AD = {
			fileRef = "FD760062A73EC27A9CEF2A12";
			isa = PBXBuildFile;
			settings = {
				ATTRIBUTES = (
					);
			};
		};
		B6A01E85FE43812F85857B22 = {
			isa = PBXFileReference;
			name = "group.cpp";
			path = "core/group/group.cpp";
			refType = 4;
			lastKnownFileType = "sourcecode.cpp.cpp";
		};
		64F56FCCD370AE4FDCE886E7 = {
			fileRef = "B6A01E85FE43812F85857B22";
			isa = PBXBuildFile;
			settings = {
				ATTRIBUTES = (
					);
			};
		};
		C3D92C559A041491728D285F = {
			isa = PBXFileReference;
			name = "agentmanager.cpp";
			path = "core/agent/agentmanager.cpp";
			refType = 4;
			lastKnownFileType = "sourcecode.cpp.cpp";
		};
		3892E5BFC49D9543898BD7E5 = {
			fileRef = "C3D92C559A041491728D285F";
			isa = PBXBuildFile;
			settings = {
				ATTRIBUTES = (
					);
			};
		};
		3393AA6F458256812535B6CB = {
			isa = PBXFileReference;
			name = "sceneeditoritem.cpp";
			path = "gui/sceneeditor/sceneeditoritem.cpp";
			refType = 4;
			lastKnownFileType = "sourcecode.cpp.cpp";
		};
		8BBA2647CDB1CBB1D6526539 = {
			fileRef = "3393AA6F458256812535B6CB";
			isa = PBXBuildFile;
			settings = {
				ATTRIBUTES = (
					);
			};
		};
		54AB5334CAD2BFED30AE7AFB = {
			isa = PBXFileReference;
			name = "groupeditor.cpp";
			path = "gui/sceneeditor/groupeditor.cpp";
			refType = 4;
			lastKnownFileType = "sourcecode.cpp.cpp";
		};
		3BEA92C399CA477E75A8F5F9 = {
			fileRef = "54AB5334CAD2BFED30AE7AFB";
			isa = PBXBuildFile;
			settings = {
				ATTRIBUTES = (
					);
			};
		};
		1AD2A6E71BC437F575DD22F8 = {
			isa = PBXFileReference;
			name = "brainiacglobals.cpp";
			path = "core/brainiacglobals.cpp";
			refType = 4;
			lastKnownFileType = "sourcecode.cpp.cpp";
		};
		7E2A8E4B940BD407A57BEF23 = {
			fileRef = "1AD2A6E71BC437F575DD22F8";
			isa = PBXBuildFile;
			settings = {
				ATTRIBUTES = (
					);
			};
		};
		8BDECC5A96D9E0C83C3EC07E = {
			isa = PBXFileReference;
			name = "itemeditorwidgetsbase.cpp";
			path = "gui/itemeditorwidgetsbase.cpp";
			refType = 4;
			lastKnownFileType = "sourcecode.cpp.cpp";
		};
		650F01EE54667C60AFDA990F = {
			fileRef = "8BDECC5A96D9E0C83C3EC07E";
			isa = PBXBuildFile;
			settings = {
				ATTRIBUTES = (
					);
			};
		};
		825254183E06014372BFB936 = {
			isa = PBXFileReference;
			name = "agent.cpp";
			path = "core/agent/agent.cpp";
			refType = 4;
			lastKnownFileType = "sourcecode.cpp.cpp";
		};
		F130DF8E9FCF4B6AB91CD8AF = {
			fileRef = "825254183E06014372BFB936";
			isa = PBXBuildFile;
			settings = {
				ATTRIBUTES = (
					);
			};
		};
		AC516671AA4CEB18D69A9163 = {
			isa = PBXFileReference;
			name = "body.cpp";
			path = "core/agent/body/body.cpp";
			refType = 4;
			lastKnownFileType = "sourcecode.cpp.cpp";
		};
		C9A48EDA44296AD0F0E9B824 = {
			fileRef = "AC516671AA4CEB18D69A9163";
			isa = PBXBuildFile;
			settings = {
				ATTRIBUTES = (
					);
			};
		};
		1D95F6C6D9AF361203A60B94 = {
			isa = PBXFileReference;
			name = "brainiaccolor.cpp";
			path = "core/brainiaccolor.cpp";
			refType = 4;
			lastKnownFileType = "sourcecode.cpp.cpp";
		};
		ED0189646BD23497766619BF = {
			fileRef = "1D95F6C6D9AF361203A60B94";
			isa = PBXBuildFile;
			settings = {
				ATTRIBUTES = (
					);
			};
		};
		EBA643DB65C79A11AC252CCE = {
			isa = PBXFileReference;
			name = "channel.cpp";
			path = "core/agent/channel.cpp";
			refType = 4;
			lastKnownFileType = "sourcecode.cpp.cpp";
		};
		7AB5A6465CC3DBCAB84DD5F7 = {
			fileRef = "EBA643DB65C79A11AC252CCE";
			isa = PBXBuildFile;
			settings = {
				ATTRIBUTES = (
					);
			};
		};
		AA4555AEB56CDD53337B9192 = {
			isa = PBXFileReference;
			name = "scenedisplay.cpp";
			path = "gui/scenedisplay.cpp";
			refType = 4;
			lastKnownFileType = "sourcecode.cpp.cpp";
		};
		9BAD1E08DF8191062FDC7BFD = {
			fileRef = "AA4555AEB56CDD53337B9192";
			isa = PBXBuildFile;
			settings = {
				ATTRIBUTES = (
					);
			};
		};
		7EB822BF7A883DAB160A97E3 = {
			isa = PBXFileReference;
			name = "camera.cpp";
			path = "core/camera.cpp";
			refType = 4;
			lastKnownFileType = "sourcecode.cpp.cpp";
		};
		29BC82BF4B34C92BBD2931E1 = {
			fileRef = "7EB822BF7A883DAB160A97E3";
			isa = PBXBuildFile;
			settings = {
				ATTRIBUTES = (
					);
			};
		};
		30D7750EC2BF76709D1EA9CE = {
			isa = PBXFileReference;
			name = "editorbase.cpp";
			path = "gui/editorbase.cpp";
			refType = 4;
			lastKnownFileType = "sourcecode.cpp.cpp";
		};
		B0416B6C2D39D472145DF4FA = {
			fileRef = "30D7750EC2BF76709D1EA9CE";
			isa = PBXBuildFile;
			settings = {
				ATTRIBUTES = (
					);
			};
		};
		53A1CD4B4291F3681DE2CD30 = {
			isa = PBXFileReference;
			name = "editoritem.cpp";
			path = "gui/editoritem.cpp";
			refType = 4;
			lastKnownFileType = "sourcecode.cpp.cpp";
		};
		B595DB48B13A77334E47B128 = {
			fileRef = "53A1CD4B4291F3681DE2CD30";
			isa = PBXBuildFile;
			settings = {
				ATTRIBUTES = (
					);
			};
		};
		E4A790C8451812F92B62176D = {
			isa = PBXFileReference;
			name = "braineditor.cpp";
			path = "gui/braineditor/braineditor.cpp";
			refType = 4;
			lastKnownFileType = "sourcecode.cpp.cpp";
		};
		5F4824E415191E1E82FB114B = {
			fileRef = "E4A790C8451812F92B62176D";
			isa = PBXBuildFile;
			settings = {
				ATTRIBUTES = (
					);
			};
		};
		45C143D05C242E7FA45A88B2 = {
			isa = PBXFileReference;
			name = "output.cpp";
			path = "core/agent/brain/output.cpp";
			refType = 4;
			lastKnownFileType = "sourcecode.cpp.cpp";
		};
		64611B8282C8878B29FBD5F1 = {
			fileRef = "45C143D05C242E7FA45A88B2";
			isa = PBXBuildFile;
			settings = {
				ATTRIBUTES = (
					);
			};
		};
		1BAC4EF1709ABC787CC3D4B7 = {
			isa = PBXFileReference;
			name = "brain.cpp";
			path = "core/agent/brain/brain.cpp";
			refType = 4;
			lastKnownFileType = "sourcecode.cpp.cpp";
		};
		444D47A7B717F068AE12D2A1 = {
			fileRef = "1BAC4EF1709ABC787CC3D4B7";
			isa = PBXBuildFile;
			settings = {
				ATTRIBUTES = (
					);
			};
		};
		0C7455CCBA405BF54FC284D4 = {
			isa = PBXFileReference;
			name = "outputeditor.cpp";
			path = "gui/braineditor/outputeditor.cpp";
			refType = 4;
			lastKnownFileType = "sourcecode.cpp.cpp";
		};
		91CDCAEA3318BCB940991F88 = {
			fileRef = "0C7455CCBA405BF54FC284D4";
			isa = PBXBuildFile;
			settings = {
				ATTRIBUTES = (
					);
			};
		};
		0D065F76D0FDD383B9853CC8 = {
			isa = PBXFileReference;
			name = "brainiacsliderframe.cpp";
			path = "gui/brainiacsliderframe.cpp";
			refType = 4;
			lastKnownFileType = "sourcecode.cpp.cpp";
		};
		62B50A53C0B0C7D90F093524 = {
			fileRef = "0D065F76D0FDD383B9853CC8";
			isa = PBXBuildFile;
			settings = {
				ATTRIBUTES = (
					);
			};
		};
		840E1DE54CBF0232FAA168D2 = {
			isa = PBXFileReference;
			name = "brainiacslider.cpp";
			path = "gui/brainiacslider.cpp";
			refType = 4;
			lastKnownFileType = "sourcecode.cpp.cpp";
		};
		EE386FC3358E566D93724C8B = {
			fileRef = "840E1DE54CBF0232FAA168D2";
			isa = PBXBuildFile;
			settings = {
				ATTRIBUTES = (
					);
			};
		};
		1053A4FD5E55F60081F43BC3 = {
			isa = PBXFileReference;
			name = "braineditoritem.cpp";
			path = "gui/braineditor/braineditoritem.cpp";
			refType = 4;
			lastKnownFileType = "sourcecode.cpp.cpp";
		};
		654EA80BAE314F6B328C8736 = {
			fileRef = "1053A4FD5E55F60081F43BC3";
			isa = PBXBuildFile;
			settings = {
				ATTRIBUTES = (
					);
			};
		};
		15FB425BBC019B77F8744870 = {
			isa = PBXFileReference;
			name = "simulation.cpp";
			path = "core/simulation.cpp";
			refType = 4;
			lastKnownFileType = "sourcecode.cpp.cpp";
		};
		8B33F740FF6F1E3024A319DD = {
			fileRef = "15FB425BBC019B77F8744870";
			isa = PBXBuildFile;
			settings = {
				ATTRIBUTES = (
					);
			};
		};
		898E006F843B3A081A5FC697 = {
			isa = PBXFileReference;
			name = "input.cpp";
			path = "core/agent/brain/input.cpp";
			refType = 4;
			lastKnownFileType = "sourcecode.cpp.cpp";
		};
		FE7118289FC02C61D3A531F8 = {
			fileRef = "898E006F843B3A081A5FC697";
			isa = PBXBuildFile;
			settings = {
				ATTRIBUTES = (
					);
			};
		};
		9D21ED9EFB2DD1DBBDB84006 = {
			isa = PBXFileReference;
			name = "inputeditor.cpp";
			path = "gui/braineditor/inputeditor.cpp";
			refType = 4;
			lastKnownFileType = "sourcecode.cpp.cpp";
		};
		BADDEA9765B5F4D7DAEA1760 = {
			fileRef = "9D21ED9EFB2DD1DBBDB84006";
			isa = PBXBuildFile;
			settings = {
				ATTRIBUTES = (
					);
			};
		};
		C9FDF8F50D13612C4B632AB5 = {
			isa = PBXFileReference;
			name = "noise.cpp";
			path = "core/agent/brain/noise.cpp";
			refType = 4;
			lastKnownFileType = "sourcecode.cpp.cpp";
		};
		E703230B29E7A0971AE8641C = {
			fileRef = "C9FDF8F50D13612C4B632AB5";
			isa = PBXBuildFile;
			settings = {
				ATTRIBUTES = (
					);
			};
		};
		F629C908D2960EF6FC44AC8F = {
			isa = PBXFileReference;
			name = "editoritemconnector.cpp";
			path = "gui/editoritemconnector.cpp";
			refType = 4;
			lastKnownFileType = "sourcecode.cpp.cpp";
		};
		A70899CF9F98DCBDC08E969D = {
			fileRef = "F629C908D2960EF6FC44AC8F";
			isa = PBXBuildFile;
			settings = {
				ATTRIBUTES = (
					);
			};
		};
		BE93B808227C2D17F2A115A7 = {
			isa = PBXFileReference;
			name = "fuzzyand.cpp";
			path = "core/agent/brain/fuzzyand.cpp";
			refType = 4;
			lastKnownFileType = "sourcecode.cpp.cpp";
		};
		B9241A72353F52141AC013AB = {
			fileRef = "BE93B808227C2D17F2A115A7";
			isa = PBXBuildFile;
			settings = {
				ATTRIBUTES = (
					);
			};
		};
		B7629B864C4FA195A0943651 = {
			isa = PBXFileReference;
			name = "fuzzyor.cpp";
			path = "core/agent/brain/fuzzyor.cpp";
			refType = 4;
			lastKnownFileType = "sourcecode.cpp.cpp";
		};
		A80CBE8094E035A0FA996F3D = {
			fileRef = "B7629B864C4FA195A0943651";
			isa = PBXBuildFile;
			settings = {
				ATTRIBUTES = (
					);
			};
		};
		F75098C9531A44BC231C260F = {
			isa = PBXFileReference;
			name = "fuzzyfuzz.cpp";
			path = "core/agent/brain/fuzzyfuzz.cpp";
			refType = 4;
			lastKnownFileType = "sourcecode.cpp.cpp";
		};
		83BD747E9FCBE5C14997B6A6 = {
			fileRef = "F75098C9531A44BC231C260F";
			isa = PBXBuildFile;
			settings = {
				ATTRIBUTES = (
					);
			};
		};
		7BEB581A7CDC37A142C3E49F = {
			isa = PBXFileReference;
			name = "fuzzydefuzz.cpp";
			path = "core/agent/brain/fuzzydefuzz.cpp";
			refType = 4;
			lastKnownFileType = "sourcecode.cpp.cpp";
		};
		BCD75E5D2286676A09AE5826 = {
			fileRef = "7BEB581A7CDC37A142C3E49F";
			isa = PBXBuildFile;
			settings = {
				ATTRIBUTES = (
					);
			};
		};
		CFF229A6274E3909C6A6EBC9 = {
			isa = PBXFileReference;
			name = "fuzzyeditor.cpp";
			path = "gui/braineditor/fuzzyeditor.cpp";
			refType = 4;
			lastKnownFileType = "sourcecode.cpp.cpp";
		};
		C5F89A8B41ED27E7F5A042D5 = {
			fileRef = "CFF229A6274E3909C6A6EBC9";
			isa = PBXBuildFile;
			settings = {
				ATTRIBUTES = (
					);
			};
		};
		1E00D868EA821791A5E282C3 = {
			isa = PBXFileReference;
			name = "defuzzeditor.cpp";
			path = "gui/braineditor/defuzzeditor.cpp";
			refType = 4;
			lastKnownFileType = "sourcecode.cpp.cpp";
		};
		515F2DD43FDBA328D72E3F34 = {
			fileRef = "1E00D868EA821791A5E282C3";
			isa = PBXBuildFile;
			settings = {
				ATTRIBUTES = (
					);
			};
		};
		4CF178D2B5E0D30769180AB3 = {
			isa = PBXFileReference;
			name = "timer.cpp";
			path = "core/agent/brain/timer.cpp";
			refType = 4;
			lastKnownFileType = "sourcecode.cpp.cpp";
		};
		9931EE85021C34A1263731F2 = {
			fileRef = "4CF178D2B5E0D30769180AB3";
			isa = PBXBuildFile;
			settings = {
				ATTRIBUTES = (
					);
			};
		};
		9E5BA31CFB8203113687B9B3 = {
			isa = PBXFileReference;
			name = "idgenerator.cpp";
			path = "core/idgenerator.cpp";
			refType = 4;
			lastKnownFileType = "sourcecode.cpp.cpp";
		};
		3597FA4255952F9AA5134871 = {
			fileRef = "9E5BA31CFB8203113687B9B3";
			isa = PBXBuildFile;
			settings = {
				ATTRIBUTES = (
					);
			};
		};
		41D91EDCCC4F5C640F5E3E72 = {
			isa = PBXFileReference;
			name = "noiseeditor.cpp";
			path = "gui/braineditor/noiseeditor.cpp";
			refType = 4;
			lastKnownFileType = "sourcecode.cpp.cpp";
		};
		5D4B871B23015A8D4B30C2C1 = {
			fileRef = "41D91EDCCC4F5C640F5E3E72";
			isa = PBXBuildFile;
			settings = {
				ATTRIBUTES = (
					);
			};
		};
		6C31533A4D244875ABBCDAC4 = {
			isa = PBXFileReference;
			name = "fuzzyeditorcurveeditor.cpp";
			path = "gui/braineditor/fuzzyeditorcurveeditor.cpp";
			refType = 4;
			lastKnownFileType = "sourcecode.cpp.cpp";
		};
		E91972B571C752EC6297B246 = {
			fileRef = "6C31533A4D244875ABBCDAC4";
			isa = PBXBuildFile;
			settings = {
				ATTRIBUTES = (
					);
			};
		};
		9A4EF6EB6A5414F83908D85C = {
			isa = PBXFileReference;
			name = "fuzzyeditorcurvepoint.cpp";
			path = "gui/braineditor/fuzzyeditorcurvepoint.cpp";
			refType = 4;
			lastKnownFileType = "sourcecode.cpp.cpp";
		};
		ABB39892F2097B5E4670D175 = {
			fileRef = "9A4EF6EB6A5414F83908D85C";
			isa = PBXBuildFile;
			settings = {
				ATTRIBUTES = (
					);
			};
		};
		0B87844CE6AEC5AC3E8E3A29 = {
			isa = PBXFileReference;
			name = "locator.cpp";
			path = "core/generator/locator.cpp";
			refType = 4;
			lastKnownFileType = "sourcecode.cpp.cpp";
		};
		7112171C1F340E04BF059FD5 = {
			fileRef = "0B87844CE6AEC5AC3E8E3A29";
			isa = PBXBuildFile;
			settings = {
				ATTRIBUTES = (
					);
			};
		};
		C497ED6AD5D65535ED64D426 = {
			isa = PBXFileReference;
			name = "skeletonnode.cpp";
			path = "core/agent/body/skeletonnode.cpp";
			refType = 4;
			lastKnownFileType = "sourcecode.cpp.cpp";
		};
		E815FA830C288AC27F6E3FC6 = {
			fileRef = "C497ED6AD5D65535ED64D426";
			isa = PBXBuildFile;
			settings = {
				ATTRIBUTES = (
					);
			};
		};
		857E32953F25A9B135DB432C = {
			isa = PBXFileReference;
			name = "skeletonnodesphere.cpp";
			path = "core/agent/body/skeletonnodesphere.cpp";
			refType = 4;
			lastKnownFileType = "sourcecode.cpp.cpp";
		};
		05A909D0C980A8A629034A3C = {
			fileRef = "857E32953F25A9B135DB432C";
			isa = PBXBuildFile;
			settings = {
				ATTRIBUTES = (
					);
			};
		};
		84D1D24E980A15146158DACB = {
			isa = PBXFileReference;
			name = "skeletonnodebox.cpp";
			path = "core/agent/body/skeletonnodebox.cpp";
			refType = 4;
			lastKnownFileType = "sourcecode.cpp.cpp";
		};
		2FB9A83B1CFE1982E490FE0C = {
			fileRef = "84D1D24E980A15146158DACB";
			isa = PBXBuildFile;
			settings = {
				ATTRIBUTES = (
					);
			};
		};
		35AA68FF48351BDA982EB5E8 = {
			isa = PBXFileReference;
			name = "bodyeditor.cpp";
			path = "gui/bodyeditor/bodyeditor.cpp";
			refType = 4;
			lastKnownFileType = "sourcecode.cpp.cpp";
		};
		9A76FBB58997CFAA67D063FB = {
			fileRef = "35AA68FF48351BDA982EB5E8";
			isa = PBXBuildFile;
			settings = {
				ATTRIBUTES = (
					);
			};
		};
		DC70B8BA8CA18C18782E6129 = {
			isa = PBXFileReference;
			name = "bodydisplay.cpp";
			path = "gui/bodydisplay.cpp";
			refType = 4;
			lastKnownFileType = "sourcecode.cpp.cpp";
		};
		9A366F7827A1B208D84444F0 = {
			fileRef = "DC70B8BA8CA18C18782E6129";
			isa = PBXBuildFile;
			settings = {
				ATTRIBUTES = (
					);
			};
		};
		E0EDE9830C7C4D88C35B5E41 = {
			isa = PBXFileReference;
			name = "bodyeditoritem.cpp";
			path = "gui/bodyeditor/bodyeditoritem.cpp";
			refType = 4;
			lastKnownFileType = "sourcecode.cpp.cpp";
		};
		95725A0706AF18CB9EDE8655 = {
			fileRef = "E0EDE9830C7C4D88C35B5E41";
			isa = PBXBuildFile;
			settings = {
				ATTRIBUTES = (
					);
			};
		};
		98141E7F4F549C7809AA7D87 = {
			isa = PBXFileReference;
			name = "skeletongeometrynode.cpp";
			path = "core/agent/body/skeletongeometrynode.cpp";
			refType = 4;
			lastKnownFileType = "sourcecode.cpp.cpp";
		};
		DDB2BE1D8B483EF27BCF16B4 = {
			fileRef = "98141E7F4F549C7809AA7D87";
			isa = PBXBuildFile;
			settings = {
				ATTRIBUTES = (
					);
			};
		};
		65420AE83BEBE09625587E9A = {
			isa = PBXFileReference;
			name = "segmenteditor.cpp";
			path = "gui/bodyeditor/segmenteditor.cpp";
			refType = 4;
			lastKnownFileType = "sourcecode.cpp.cpp";
		};
		2680C7752EBDBAFCE4326BBB = {
			fileRef = "65420AE83BEBE09625587E9A";
			isa = PBXBuildFile;
			settings = {
				ATTRIBUTES = (
					);
			};
		};
		067B59BECA0F5A7D96DF4EDE = {
			isa = PBXFileReference;
			name = "brainiacdisplay.cpp";
			path = "gui/brainiacdisplay.cpp";
			refType = 4;
			lastKnownFileType = "sourcecode.cpp.cpp";
		};
		E0E36FA1EAD5F6EDC0380106 = {
			fileRef = "067B59BECA0F5A7D96DF4EDE";
			isa = PBXBuildFile;
			settings = {
				ATTRIBUTES = (
					);
			};
		};
		318A08E4283291C64384395B = {
			isa = PBXFileReference;
			name = "animation.cpp";
			path = "core/agent/body/animation/animation.cpp";
			refType = 4;
			lastKnownFileType = "sourcecode.cpp.cpp";
		};
		1B2FEA6EEC71C6DA15C716FB = {
			fileRef = "318A08E4283291C64384395B";
			isa = PBXBuildFile;
			settings = {
				ATTRIBUTES = (
					);
			};
		};
		802A4247CD3C6B1DC362B093 = {
			isa = PBXFileReference;
			name = "animationcurve.cpp";
			path = "core/agent/body/animation/animationcurve.cpp";
			refType = 4;
			lastKnownFileType = "sourcecode.cpp.cpp";
		};
		60048F936D21046B62CDD3DA = {
			fileRef = "802A4247CD3C6B1DC362B093";
			isa = PBXBuildFile;
			settings = {
				ATTRIBUTES = (
					);
			};
		};
		1DE16994AD56F115ADE8C7BA = {
			isa = PBXFileReference;
			name = "animationplayer.cpp";
			path = "core/agent/body/animation/animationplayer.cpp";
			refType = 4;
			lastKnownFileType = "sourcecode.cpp.cpp";
		};
		461C1438E3DC0B83F0ACA48A = {
			fileRef = "1DE16994AD56F115ADE8C7BA";
			isa = PBXBuildFile;
			settings = {
				ATTRIBUTES = (
					);
			};
		};
		A670F5A54E6D1F883A609786 = {
			isa = PBXFileReference;
			name = "actioneditor.cpp";
			path = "gui/Animation/actioneditor.cpp";
			refType = 4;
			lastKnownFileType = "sourcecode.cpp.cpp";
		};
		4D4BE3E34E07C1CDFD5E03F0 = {
			fileRef = "A670F5A54E6D1F883A609786";
			isa = PBXBuildFile;
			settings = {
				ATTRIBUTES = (
					);
			};
		};
		47269A994D3173AA9B69166E = {
			isa = PBXFileReference;
			name = "actiondisplay.cpp";
			path = "gui/actiondisplay.cpp";
			refType = 4;
			lastKnownFileType = "sourcecode.cpp.cpp";
		};
		533B1D8F55891C7619EB45AF = {
			fileRef = "47269A994D3173AA9B69166E";
			isa = PBXBuildFile;
			settings = {
				ATTRIBUTES = (
					);
			};
		};
		678B627A6F5C3469D2536B5A = {
			isa = PBXFileReference;
			name = "modifiableanimation.cpp";
			path = "core/agent/body/animation/modifiableanimation.cpp";
			refType = 4;
			lastKnownFileType = "sourcecode.cpp.cpp";
		};
		AFCE7F3DC2E5BF93F5E666E4 = {
			fileRef = "678B627A6F5C3469D2536B5A";
			isa = PBXBuildFile;
			settings = {
				ATTRIBUTES = (
					);
			};
		};
		C7FDE1D4F150C692E2C192F4 = {
			isa = PBXFileReference;
			name = "loopeditorscene.cpp";
			path = "gui/Animation/loopeditorscene.cpp";
			refType = 4;
			lastKnownFileType = "sourcecode.cpp.cpp";
		};
		B91BA8B3134C9CB51760999E = {
			fileRef = "C7FDE1D4F150C692E2C192F4";
			isa = PBXBuildFile;
			settings = {
				ATTRIBUTES = (
					);
			};
		};
		4B7D44DBEF40CE8CA023B420 = {
			isa = PBXFileReference;
			name = "editorlineitem.cpp";
			path = "gui/Animation/editorlineitem.cpp";
			refType = 4;
			lastKnownFileType = "sourcecode.cpp.cpp";
		};
		87BE0ACBD89794E40980ED49 = {
			fileRef = "4B7D44DBEF40CE8CA023B420";
			isa = PBXBuildFile;
			settings = {
				ATTRIBUTES = (
					);
			};
		};
		65939423CFC34D98843FDA59 = {
			isa = PBXFileReference;
			name = "latchcurve.cpp";
			path = "core/agent/body/animation/latchcurve.cpp";
			refType = 4;
			lastKnownFileType = "sourcecode.cpp.cpp";
		};
		D10187CC2EA8011BED48BB7A = {
			fileRef = "65939423CFC34D98843FDA59";
			isa = PBXBuildFile;
			settings = {
				ATTRIBUTES = (
					);
			};
		};
		34CE83CD4CC1835578A06390 = {
			isa = PBXFileReference;
			name = "andeditor.cpp";
			path = "gui/braineditor/andeditor.cpp";
			refType = 4;
			lastKnownFileType = "sourcecode.cpp.cpp";
		};
		5F5ACDDC9093D284305C7648 = {
			fileRef = "34CE83CD4CC1835578A06390";
			isa = PBXBuildFile;
			settings = {
				ATTRIBUTES = (
					);
			};
		};
		5D8A90B0B0DED147F6F89734 = {
			isa = PBXFileReference;
			name = "bodydisplay_.cpp";
			path = "gui/bodyeditor/bodydisplay_.cpp";
			refType = 4;
			lastKnownFileType = "sourcecode.cpp.cpp";
		};
		3F994CA2C68D9534B82B97B4 = {
			fileRef = "5D8A90B0B0DED147F6F89734";
			isa = PBXBuildFile;
			settings = {
				ATTRIBUTES = (
					);
			};
		};
		86E39A4D3E4D7E587DEB9DF6 = {
			isa = PBXFileReference;
			name = "bodymanager.cpp";
			path = "core/agent/body/bodymanager.cpp";
			refType = 4;
			lastKnownFileType = "sourcecode.cpp.cpp";
		};
		8C68F9019A7096BBA49A2379 = {
			fileRef = "86E39A4D3E4D7E587DEB9DF6";
			isa = PBXBuildFile;
			settings = {
				ATTRIBUTES = (
					);
			};
		};
		4F4EFF802AAB8674139BA284 = {
			isa = PBXFileReference;
			name = "segment.cpp";
			path = "core/agent/body/segment.cpp";
			refType = 4;
			lastKnownFileType = "sourcecode.cpp.cpp";
		};
		EA0970514FB06F579A591FB7 = {
			fileRef = "4F4EFF802AAB8674139BA284";
			isa = PBXBuildFile;
			settings = {
				ATTRIBUTES = (
					);
			};
		};
		55C7438A5D8EFA53E26467F9 = {
			isa = PBXFileReference;
			name = "segmentshape.cpp";
			path = "core/agent/body/segmentshape.cpp";
			refType = 4;
			lastKnownFileType = "sourcecode.cpp.cpp";
		};
		2D1EA64B61C634F9AAB5F79A = {
			fileRef = "55C7438A5D8EFA53E26467F9";
			isa = PBXBuildFile;
			settings = {
				ATTRIBUTES = (
					);
			};
		};
		336D3C48DD3B44974395C633 = {
			isa = PBXFileReference;
			name = "moc_mainwindow.cpp";
			path = "moc_mainwindow.cpp";
			refType = 4;
			lastKnownFileType = "sourcecode.cpp.cpp";
		};
		26C2BED6C570C95F5243C556 = {
			fileRef = "336D3C48DD3B44974395C633";
			isa = PBXBuildFile;
			settings = {
				ATTRIBUTES = (
					);
			};
		};
		DF84BD3F5879C966CD9F132C = {
			isa = PBXFileReference;
			name = "moc_scene.cpp";
			path = "moc_scene.cpp";
			refType = 4;
			lastKnownFileType = "sourcecode.cpp.cpp";
		};
		790D9990BFCC24C8FCDAE2EE = {
			fileRef = "DF84BD3F5879C966CD9F132C";
			isa = PBXBuildFile;
			settings = {
				ATTRIBUTES = (
					);
			};
		};
		EC77AFFD996D2D0993B4AB29 = {
			isa = PBXFileReference;
			name = "moc_fuzzybase.cpp";
			path = "moc_fuzzybase.cpp";
			refType = 4;
			lastKnownFileType = "sourcecode.cpp.cpp";
		};
		9283A488C16FCA054827A580 = {
			fileRef = "EC77AFFD996D2D0993B4AB29";
			isa = PBXBuildFile;
			settings = {
				ATTRIBUTES = (
					);
			};
		};
		DBEF30CF2673FC45F055FE38 = {
			isa = PBXFileReference;
			name = "moc_editorlabel.cpp";
			path = "moc_editorlabel.cpp";
			refType = 4;
			lastKnownFileType = "sourcecode.cpp.cpp";
		};
		14E162D362798051A6BB9736 = {
			fileRef = "DBEF30CF2673FC45F055FE38";
			isa = PBXBuildFile;
			settings = {
				ATTRIBUTES = (
					);
			};
		};
		9FA9147FEC2F1A38C79D6CF1 = {
			isa = PBXFileReference;
			name = "moc_editorgraphicsview.cpp";
			path = "moc_editorgraphicsview.cpp";
			refType = 4;
			lastKnownFileType = "sourcecode.cpp.cpp";
		};
		000922968DC73725E1646EFA = {
			fileRef = "9FA9147FEC2F1A38C79D6CF1";
			isa = PBXBuildFile;
			settings = {
				ATTRIBUTES = (
					);
			};
		};
		3D07B8D594991F61E37AAF2D = {
			isa = PBXFileReference;
			name = "moc_sceneeditor.cpp";
			path = "moc_sceneeditor.cpp";
			refType = 4;
			lastKnownFileType = "sourcecode.cpp.cpp";
		};
		06A7C53D9EDEEF43F741FD69 = {
			fileRef = "3D07B8D594991F61E37AAF2D";
			isa = PBXBuildFile;
			settings = {
				ATTRIBUTES = (
					);
			};
		};
		DA843679C70287FFA97E1D8A = {
			isa = PBXFileReference;
			name = "moc_groupeditor.cpp";
			path = "moc_groupeditor.cpp";
			refType = 4;
			lastKnownFileType = "sourcecode.cpp.cpp";
		};
		EBB8F3E25417F41200380944 = {
			fileRef = "DA843679C70287FFA97E1D8A";
			isa = PBXBuildFile;
			settings = {
				ATTRIBUTES = (
					);
			};
		};
		B30649F6DF603B44FEB03308 = {
			isa = PBXFileReference;
			name = "moc_agent.cpp";
			path = "moc_agent.cpp";
			refType = 4;
			lastKnownFileType = "sourcecode.cpp.cpp";
		};
		C7B7D4EE8A1D159E0745DBD7 = {
			fileRef = "B30649F6DF603B44FEB03308";
			isa = PBXBuildFile;
			settings = {
				ATTRIBUTES = (
					);
			};
		};
		407A98B8A4749AACA2F68592 = {
			isa = PBXFileReference;
			name = "moc_channel.cpp";
			path = "moc_channel.cpp";
			refType = 4;
			lastKnownFileType = "sourcecode.cpp.cpp";
		};
		E8468B20A01BB4CC93CDAC63 = {
			fileRef = "407A98B8A4749AACA2F68592";
			isa = PBXBuildFile;
			settings = {
				ATTRIBUTES = (
					);
			};
		};
		EACBC668EB438C0A7CA12B0D = {
			isa = PBXFileReference;
			name = "moc_scenedisplay.cpp";
			path = "moc_scenedisplay.cpp";
			refType = 4;
			lastKnownFileType = "sourcecode.cpp.cpp";
		};
		EA2147C81ADD247ED0F9B744 = {
			fileRef = "EACBC668EB438C0A7CA12B0D";
			isa = PBXBuildFile;
			settings = {
				ATTRIBUTES = (
					);
			};
		};
		9724E00ABF4BD8B6BC0FA7CE = {
			isa = PBXFileReference;
			name = "moc_editorbase.cpp";
			path = "moc_editorbase.cpp";
			refType = 4;
			lastKnownFileType = "sourcecode.cpp.cpp";
		};
		9CC84B75433E5F686D603171 = {
			fileRef = "9724E00ABF4BD8B6BC0FA7CE";
			isa = PBXBuildFile;
			settings = {
				ATTRIBUTES = (
					);
			};
		};
		7C356AF8217E180866C12C88 = {
			isa = PBXFileReference;
			name = "moc_braineditor.cpp";
			path = "moc_braineditor.cpp";
			refType = 4;
			lastKnownFileType = "sourcecode.cpp.cpp";
		};
		A5124FBE40DCFA62B211141C = {
			fileRef = "7C356AF8217E180866C12C88";
			isa = PBXBuildFile;
			settings = {
				ATTRIBUTES = (
					);
			};
		};
		9041FE3660901952D7D6DFAD = {
			isa = PBXFileReference;
			name = "moc_brain.cpp";
			path = "moc_brain.cpp";
			refType = 4;
			lastKnownFileType = "sourcecode.cpp.cpp";
		};
		9F5A0FC907F23B2B2BA25ED6 = {
			fileRef = "9041FE3660901952D7D6DFAD";
			isa = PBXBuildFile;
			settings = {
				ATTRIBUTES = (
					);
			};
		};
		0F6EC6496A7912295C76312C = {
			isa = PBXFileReference;
			name = "moc_outputeditor.cpp";
			path = "moc_outputeditor.cpp";
			refType = 4;
			lastKnownFileType = "sourcecode.cpp.cpp";
		};
		C4382FB0C2C5EB09822D1F60 = {
			fileRef = "0F6EC6496A7912295C76312C";
			isa = PBXBuildFile;
			settings = {
				ATTRIBUTES = (
					);
			};
		};
		A1388E5100FC87A67E5D04A4 = {
			isa = PBXFileReference;
			name = "moc_brainiacsliderframe.cpp";
			path = "moc_brainiacsliderframe.cpp";
			refType = 4;
			lastKnownFileType = "sourcecode.cpp.cpp";
		};
		2BBE36DD3A59C6EEA509D162 = {
			fileRef = "A1388E5100FC87A67E5D04A4";
			isa = PBXBuildFile;
			settings = {
				ATTRIBUTES = (
					);
			};
		};
		ADF3601688DFD0597A2395D4 = {
			isa = PBXFileReference;
			name = "moc_brainiacslider.cpp";
			path = "moc_brainiacslider.cpp";
			refType = 4;
			lastKnownFileType = "sourcecode.cpp.cpp";
		};
		C2C5C1AE2537225BBE3A1BBE = {
			fileRef = "ADF3601688DFD0597A2395D4";
			isa = PBXBuildFile;
			settings = {
				ATTRIBUTES = (
					);
			};
		};
		1BCB7D93A46CBFCD63575C3E = {
			isa = PBXFileReference;
			name = "moc_simulation.cpp";
			path = "moc_simulation.cpp";
			refType = 4;
			lastKnownFileType = "sourcecode.cpp.cpp";
		};
		F72F0253D45E0D3ED109A5D0 = {
			fileRef = "1BCB7D93A46CBFCD63575C3E";
			isa = PBXBuildFile;
			settings = {
				ATTRIBUTES = (
					);
			};
		};
		735926E52FD341D676C27E36 = {
			isa = PBXFileReference;
			name = "moc_inputeditor.cpp";
			path = "moc_inputeditor.cpp";
			refType = 4;
			lastKnownFileType = "sourcecode.cpp.cpp";
		};
		5F1C9D5A24A0511A68A4CEA1 = {
			fileRef = "735926E52FD341D676C27E36";
			isa = PBXBuildFile;
			settings = {
				ATTRIBUTES = (
					);
			};
		};
		8F285516EBFE5BFD85EC2232 = {
			isa = PBXFileReference;
			name = "moc_fuzzyeditor.cpp";
			path = "moc_fuzzyeditor.cpp";
			refType = 4;
			lastKnownFileType = "sourcecode.cpp.cpp";
		};
		87F2275785B07C2A7281E663 = {
			fileRef = "8F285516EBFE5BFD85EC2232";
			isa = PBXBuildFile;
			settings = {
				ATTRIBUTES = (
					);
			};
		};
		F61A0307CF55FCE2A63CAC2C = {
			isa = PBXFileReference;
			name = "moc_defuzzeditor.cpp";
			path = "moc_defuzzeditor.cpp";
			refType = 4;
			lastKnownFileType = "sourcecode.cpp.cpp";
		};
		2C56FFCB15C225E0D8208426 = {
			fileRef = "F61A0307CF55FCE2A63CAC2C";
			isa = PBXBuildFile;
			settings = {
				ATTRIBUTES = (
					);
			};
		};
		BAF9CFFDEFCC8CC7062E64FA = {
			isa = PBXFileReference;
			name = "moc_noiseeditor.cpp";
			path = "moc_noiseeditor.cpp";
			refType = 4;
			lastKnownFileType = "sourcecode.cpp.cpp";
		};
		4A2C6838D818D2DD016B286D = {
			fileRef = "BAF9CFFDEFCC8CC7062E64FA";
			isa = PBXBuildFile;
			settings = {
				ATTRIBUTES = (
					);
			};
		};
		00A98D5848425ABAFE255F9E = {
			isa = PBXFileReference;
			name = "moc_fuzzyeditorcurveeditor.cpp";
			path = "moc_fuzzyeditorcurveeditor.cpp";
			refType = 4;
			lastKnownFileType = "sourcecode.cpp.cpp";
		};
		B52C7ADCBF2D2552C003801B = {
			fileRef = "00A98D5848425ABAFE255F9E";
			isa = PBXBuildFile;
			settings = {
				ATTRIBUTES = (
					);
			};
		};
		8666C6FB7279B8628C6C4BE8 = {
			isa = PBXFileReference;
			name = "moc_fuzzyeditorcurvepoint.cpp";
			path = "moc_fuzzyeditorcurvepoint.cpp";
			refType = 4;
			lastKnownFileType = "sourcecode.cpp.cpp";
		};
		415127578D895B45F3167233 = {
			fileRef = "8666C6FB7279B8628C6C4BE8";
			isa = PBXBuildFile;
			settings = {
				ATTRIBUTES = (
					);
			};
		};
		30378180D80820FC466F1145 = {
			isa = PBXFileReference;
			name = "moc_skeletonnode.cpp";
			path = "moc_skeletonnode.cpp";
			refType = 4;
			lastKnownFileType = "sourcecode.cpp.cpp";
		};
		972CB81D643FF55EADC6DB77 = {
			fileRef = "30378180D80820FC466F1145";
			isa = PBXBuildFile;
			settings = {
				ATTRIBUTES = (
					);
			};
		};
		830454B710248E36C89C47F2 = {
			isa = PBXFileReference;
			name = "moc_skeletonnodesphere.cpp";
			path = "moc_skeletonnodesphere.cpp";
			refType = 4;
			lastKnownFileType = "sourcecode.cpp.cpp";
		};
		3071C43BAE84463A4C8FD596 = {
			fileRef = "830454B710248E36C89C47F2";
			isa = PBXBuildFile;
			settings = {
				ATTRIBUTES = (
					);
			};
		};
		E7A27D3773FAC4FCE3EC2DBD = {
			isa = PBXFileReference;
			name = "moc_skeletonnodebox.cpp";
			path = "moc_skeletonnodebox.cpp";
			refType = 4;
			lastKnownFileType = "sourcecode.cpp.cpp";
		};
		E208848907A4E1EFB44D1901 = {
			fileRef = "E7A27D3773FAC4FCE3EC2DBD";
			isa = PBXBuildFile;
			settings = {
				ATTRIBUTES = (
					);
			};
		};
		F2131858B7066E747F52AD7E = {
			isa = PBXFileReference;
			name = "moc_bodyeditor.cpp";
			path = "moc_bodyeditor.cpp";
			refType = 4;
			lastKnownFileType = "sourcecode.cpp.cpp";
		};
		C11A6C7AD794F9CC8BEEAD20 = {
			fileRef = "F2131858B7066E747F52AD7E";
			isa = PBXBuildFile;
			settings = {
				ATTRIBUTES = (
					);
			};
		};
		6861A8A3904AF5BFBA706519 = {
			isa = PBXFileReference;
			name = "moc_bodydisplay.cpp";
			path = "moc_bodydisplay.cpp";
			refType = 4;
			lastKnownFileType = "sourcecode.cpp.cpp";
		};
		90262574CCD85EA04CE68DE3 = {
			fileRef = "6861A8A3904AF5BFBA706519";
			isa = PBXBuildFile;
			settings = {
				ATTRIBUTES = (
					);
			};
		};
		D09B53491707E8CF21513D32 = {
			isa = PBXFileReference;
			name = "moc_segmenteditor.cpp";
			path = "moc_segmenteditor.cpp";
			refType = 4;
			lastKnownFileType = "sourcecode.cpp.cpp";
		};
		DDC4C0BA0BAC1A494B1BB8C0 = {
			fileRef = "D09B53491707E8CF21513D32";
			isa = PBXBuildFile;
			settings = {
				ATTRIBUTES = (
					);
			};
		};
		BAA6353F7588D7FEBF606F25 = {
			isa = PBXFileReference;
			name = "moc_animationplayer.cpp";
			path = "moc_animationplayer.cpp";
			refType = 4;
			lastKnownFileType = "sourcecode.cpp.cpp";
		};
		B3D4BB2F0EE797A5ED276563 = {
			fileRef = "BAA6353F7588D7FEBF606F25";
			isa = PBXBuildFile;
			settings = {
				ATTRIBUTES = (
					);
			};
		};
		C100AD579151A088B3043EED = {
			isa = PBXFileReference;
			name = "moc_actioneditor.cpp";
			path = "moc_actioneditor.cpp";
			refType = 4;
			lastKnownFileType = "sourcecode.cpp.cpp";
		};
		C3A44F1F8B97018603686E16 = {
			fileRef = "C100AD579151A088B3043EED";
			isa = PBXBuildFile;
			settings = {
				ATTRIBUTES = (
					);
			};
		};
		E608B92635C4216E4D43BDAA = {
			isa = PBXFileReference;
			name = "moc_actiondisplay.cpp";
			path = "moc_actiondisplay.cpp";
			refType = 4;
			lastKnownFileType = "sourcecode.cpp.cpp";
		};
		D28E17A80D5E3C9A4F34ED24 = {
			fileRef = "E608B92635C4216E4D43BDAA";
			isa = PBXBuildFile;
			settings = {
				ATTRIBUTES = (
					);
			};
		};
		64CDAAD255B206CAB980C89E = {
			isa = PBXFileReference;
			name = "moc_loopeditorscene.cpp";
			path = "moc_loopeditorscene.cpp";
			refType = 4;
			lastKnownFileType = "sourcecode.cpp.cpp";
		};
		F6A6153FE11DC65248EA44E7 = {
			fileRef = "64CDAAD255B206CAB980C89E";
			isa = PBXBuildFile;
			settings = {
				ATTRIBUTES = (
					);
			};
		};
		C758608D5D4F347CC10C5417 = {
			isa = PBXFileReference;
			name = "moc_andeditor.cpp";
			path = "moc_andeditor.cpp";
			refType = 4;
			lastKnownFileType = "sourcecode.cpp.cpp";
		};
		15B59ED931A27EED5E097359 = {
			fileRef = "C758608D5D4F347CC10C5417";
			isa = PBXBuildFile;
			settings = {
				ATTRIBUTES = (
					);
			};
		};
		B27E116E5BE42323D6A25802 = {
			isa = PBXFileReference;
			name = "moc_segment.cpp";
			path = "moc_segment.cpp";
			refType = 4;
			lastKnownFileType = "sourcecode.cpp.cpp";
		};
		2E57771D6B42F48AF73EE12B = {
			fileRef = "B27E116E5BE42323D6A25802";
			isa = PBXBuildFile;
			settings = {
				ATTRIBUTES = (
					);
			};
		};
		5A64C6B3AB8C46511C046738 = {
			isa = PBXFileReference;
			name = "qrc_brainiac.cpp";
			path = "qrc_brainiac.cpp";
			refType = 4;
			lastKnownFileType = "sourcecode.cpp.cpp";
		};
		8D8A635092C4FF34729C265F = {
			fileRef = "5A64C6B3AB8C46511C046738";
			isa = PBXBuildFile;
			settings = {
				ATTRIBUTES = (
					);
			};
		};
		AFB98B37FF0012B837A2131C = {
			isa = PBXFileReference;
			name = "ui_mainwindow.h";
			path = "ui_mainwindow.h";
			refType = 4;
		};
		306A2C05AD626C24F121D976 = {
			isa = PBXFileReference;
			name = "ui_groupeditor.h";
			path = "ui_groupeditor.h";
			refType = 4;
		};
		A36F466B76C7CBF6DEC10613 = {
			isa = PBXFileReference;
			name = "ui_outputeditor.h";
			path = "ui_outputeditor.h";
			refType = 4;
		};
		E314EB47CEA08C9915CEA780 = {
			isa = PBXFileReference;
			name = "ui_inputeditor.h";
			path = "ui_inputeditor.h";
			refType = 4;
		};
		2728C1E8E3994F3CD31FD751 = {
			isa = PBXFileReference;
			name = "ui_fuzzyeditor.h";
			path = "ui_fuzzyeditor.h";
			refType = 4;
		};
		3EC3116DB51AD3243ADB6269 = {
			isa = PBXFileReference;
			name = "ui_defuzzeditor.h";
			path = "ui_defuzzeditor.h";
			refType = 4;
		};
		CBB29E5E4B3E1A3C8D36B069 = {
			isa = PBXFileReference;
			name = "ui_noiseeditor.h";
			path = "ui_noiseeditor.h";
			refType = 4;
		};
		3193441381F13B6623B80A46 = {
			isa = PBXFileReference;
			name = "ui_placeeditor.h";
			path = "ui_placeeditor.h";
			refType = 4;
		};
		183A8840318E04EDE5575803 = {
			isa = PBXFileReference;
			name = "ui_segmenteditor.h";
			path = "ui_segmenteditor.h";
			refType = 4;
		};
		FAEF066E48519CADAF6275B5 = {
			isa = PBXFileReference;
			name = "ui_actioneditor.h";
			path = "ui_actioneditor.h";
			refType = 4;
		};
		C6DF167544E8132D2884FD60 = {
			isa = PBXFileReference;
			name = "ui_andeditor.h";
			path = "ui_andeditor.h";
			refType = 4;
		};
		4646A774C7750EFDB287D4C7 = {
			isa = PBXFileReference;
			name = "mainwindow.h";
			path = "gui/mainwindow.h";
			refType = 4;
		};
		F8DB9B691F0D3933765881DC = {
			isa = PBXFileReference;
			name = "scene.h";
			path = "core/scene.h";
			refType = 4;
		};
		46A1046AB58FA71ADF956C5C = {
			isa = PBXFileReference;
			name = "fuzzybase.h";
			path = "core/agent/brain/fuzzybase.h";
			refType = 4;
		};
		D12347A50A9B19C9DFD6FAE9 = {
			isa = PBXFileReference;
			name = "generator.h";
			path = "core/generator/generator.h";
			refType = 4;
		};
		2F8187D3440213778189DABB = {
			isa = PBXFileReference;
			name = "pointgenerator.h";
			path = "core/generator/pointgenerator.h";
			refType = 4;
		};
		108ECB74815CB5F8B91D2343 = {
			isa = PBXFileReference;
			name = "mainwindowlayout.h";
			path = "gui/mainwindowlayout.h";
			refType = 4;
		};
		BA7691809FFD71C2830DA8B6 = {
			isa = PBXFileReference;
			name = "editorlabel.h";
			path = "gui/editorlabel.h";
			refType = 4;
		};
		283903CA017F6CA1808083A8 = {
			isa = PBXFileReference;
			name = "editorgraphicsview.h";
			path = "gui/editorgraphicsview.h";
			refType = 4;
		};
		DB1A63AC21A094BC416FE3BF = {
			isa = PBXFileReference;
			name = "sceneeditor.h";
			path = "gui/sceneeditor/sceneeditor.h";
			refType = 4;
		};
		01EC7BDEF1027AF521EF75DF = {
			isa = PBXFileReference;
			name = "group.h";
			path = "core/group/group.h";
			refType = 4;
		};
		B6F8B46FA80132FAFC7B15DA = {
			isa = PBXFileReference;
			name = "agentmanager.h";
			path = "core/agent/agentmanager.h";
			refType = 4;
		};
		A3294110D91CE142E689C4BF = {
			isa = PBXFileReference;
			name = "sceneeditoritem.h";
			path = "gui/sceneeditor/sceneeditoritem.h";
			refType = 4;
		};
		ADCF341F38BD64965938F031 = {
			isa = PBXFileReference;
			name = "groupeditor.h";
			path = "gui/sceneeditor/groupeditor.h";
			refType = 4;
		};
		3365D39619C205EA491F7F0F = {
			isa = PBXFileReference;
			name = "brainiacglobals.h";
			path = "core/brainiacglobals.h";
			refType = 4;
		};
		801FDA780E5D1B48C41F9E71 = {
			isa = PBXFileReference;
			name = "itemeditorwidgetsbase.h";
			path = "gui/itemeditorwidgetsbase.h";
			refType = 4;
		};
		AA7C53A09410B2329752D82F = {
			isa = PBXFileReference;
			name = "agent.h";
			path = "core/agent/agent.h";
			refType = 4;
		};
		DA80F80F6A5789D3AB2403EE = {
			isa = PBXFileReference;
			name = "body.h";
			path = "core/agent/body/body.h";
			refType = 4;
		};
		F6E68A5530154750FA5571C9 = {
			isa = PBXFileReference;
			name = "brainiaccolor.h";
			path = "core/brainiaccolor.h";
			refType = 4;
		};
		363740460D0EB9F25C2E75AB = {
			isa = PBXFileReference;
			name = "channel.h";
			path = "core/agent/channel.h";
			refType = 4;
		};
		4AFF517CEE65F90D79E6B825 = {
			isa = PBXFileReference;
			name = "scenedisplay.h";
			path = "gui/scenedisplay.h";
			refType = 4;
		};
		6FD45A1E510C14E111C75885 = {
			isa = PBXFileReference;
			name = "camera.h";
			path = "core/camera.h";
			refType = 4;
		};
		D8FD80FD2E716D80D427E68E = {
			isa = PBXFileReference;
			name = "editorbase.h";
			path = "gui/editorbase.h";
			refType = 4;
		};
		2ECC646E24AB4EC3C4E4B1CA = {
			isa = PBXFileReference;
			name = "editoritem.h";
			path = "gui/editoritem.h";
			refType = 4;
		};
		8211077EDDAB0FB3D3786C05 = {
			isa = PBXFileReference;
			name = "braineditor.h";
			path = "gui/braineditor/braineditor.h";
			refType = 4;
		};
		C04A6A05844B319BBF1E49C4 = {
			isa = PBXFileReference;
			name = "output.h";
			path = "core/agent/brain/output.h";
			refType = 4;
		};
		AAE54F4A4F3DDF71CA54F495 = {
			isa = PBXFileReference;
			name = "brain.h";
			path = "core/agent/brain/brain.h";
			refType = 4;
		};
		33C099227D77FE61707D6D03 = {
			isa = PBXFileReference;
			name = "outputeditor.h";
			path = "gui/braineditor/outputeditor.h";
			refType = 4;
		};
		A1AC1CD7C9FA8BEFA2C3D457 = {
			isa = PBXFileReference;
			name = "brainiacsliderframe.h";
			path = "gui/brainiacsliderframe.h";
			refType = 4;
		};
		51479B7E24D839542379C2CD = {
			isa = PBXFileReference;
			name = "brainiacslider.h";
			path = "gui/brainiacslider.h";
			refType = 4;
		};
		5427C62CAB48F4CBD0141C48 = {
			isa = PBXFileReference;
			name = "braineditoritem.h";
			path = "gui/braineditor/braineditoritem.h";
			refType = 4;
		};
		DA02D2AFBBF688AA2A26FF82 = {
			isa = PBXFileReference;
			name = "simulation.h";
			path = "core/simulation.h";
			refType = 4;
		};
		5A498089891FBE5D2520BBB3 = {
			isa = PBXFileReference;
			name = "input.h";
			path = "core/agent/brain/input.h";
			refType = 4;
		};
		3561A5C89FD03D8D3E36DC00 = {
			isa = PBXFileReference;
			name = "inputeditor.h";
			path = "gui/braineditor/inputeditor.h";
			refType = 4;
		};
		73606655808B952F081CE0AE = {
			isa = PBXFileReference;
			name = "noise.h";
			path = "core/agent/brain/noise.h";
			refType = 4;
		};
		62248DEBD5E1F533BFBECD85 = {
			isa = PBXFileReference;
			name = "editoritemconnector.h";
			path = "gui/editoritemconnector.h";
			refType = 4;
		};
		87EDDEE0D94B3EDB9C291836 = {
			isa = PBXFileReference;
			name = "fuzzyand.h";
			path = "core/agent/brain/fuzzyand.h";
			refType = 4;
		};
		A4BA623AEA8C3DE2F9E1A024 = {
			isa = PBXFileReference;
			name = "fuzzyor.h";
			path = "core/agent/brain/fuzzyor.h";
			refType = 4;
		};
		9D549A43271071F0D686487F = {
			isa = PBXFileReference;
			name = "fuzzyfuzz.h";
			path = "core/agent/brain/fuzzyfuzz.h";
			refType = 4;
		};
		13AF812689FB40E2317E1FF7 = {
			isa = PBXFileReference;
			name = "fuzzydefuzz.h";
			path = "core/agent/brain/fuzzydefuzz.h";
			refType = 4;
		};
		D4FE9A9AB2C762386FCDF904 = {
			isa = PBXFileReference;
			name = "fuzzyeditor.h";
			path = "gui/braineditor/fuzzyeditor.h";
			refType = 4;
		};
		D1538D7DD2A761963CB2B469 = {
			isa = PBXFileReference;
			name = "defuzzeditor.h";
			path = "gui/braineditor/defuzzeditor.h";
			refType = 4;
		};
		DC3B6E70EF8C76AE95308964 = {
			isa = PBXFileReference;
			name = "timer.h";
			path = "core/agent/brain/timer.h";
			refType = 4;
		};
		E9B0B5D134028AC85A8F1668 = {
			isa = PBXFileReference;
			name = "idgenerator.h";
			path = "core/idgenerator.h";
			refType = 4;
		};
		117EB9AFE29AD5AF6E84D383 = {
			isa = PBXFileReference;
			name = "noiseeditor.h";
			path = "gui/braineditor/noiseeditor.h";
			refType = 4;
		};
		424F2E16068ABE87506C6D4A = {
			isa = PBXFileReference;
			name = "fuzzyeditorcurveeditor.h";
			path = "gui/braineditor/fuzzyeditorcurveeditor.h";
			refType = 4;
		};
		4148F801CAB43401703F0EEF = {
			isa = PBXFileReference;
			name = "fuzzyeditorcurvepoint.h";
			path = "gui/braineditor/fuzzyeditorcurvepoint.h";
			refType = 4;
		};
		0C29F4B317584EBFE1C1B6FB = {
			isa = PBXFileReference;
			name = "locator.h";
			path = "core/generator/locator.h";
			refType = 4;
		};
		E5EA812493E7ED6D2D1C916C = {
			isa = PBXFileReference;
			name = "skeletonnode.h";
			path = "core/agent/body/skeletonnode.h";
			refType = 4;
		};
		5AEBD6B0290DF333E47EA997 = {
			isa = PBXFileReference;
			name = "skeletonnodesphere.h";
			path = "core/agent/body/skeletonnodesphere.h";
			refType = 4;
		};
		0968325F38F071958F5D8F15 = {
			isa = PBXFileReference;
			name = "skeletonnodebox.h";
			path = "core/agent/body/skeletonnodebox.h";
			refType = 4;
		};
		89BC50904013DBF91C8CA036 = {
			isa = PBXFileReference;
			name = "bodyeditor.h";
			path = "gui/bodyeditor/bodyeditor.h";
			refType = 4;
		};
		8F90AE738C27502D79C81410 = {
			isa = PBXFileReference;
			name = "bodydisplay.h";
			path = "gui/bodydisplay.h";
			refType = 4;
		};
		F0761E0042D1E590E37C0156 = {
			isa = PBXFileReference;
			name = "bodyeditoritem.h";
			path = "gui/bodyeditor/bodyeditoritem.h";
			refType = 4;
		};
		816090BFD4704E9EE3287E84 = {
			isa = PBXFileReference;
			name = "skeletongeometrynode.h";
			path = "core/agent/body/skeletongeometrynode.h";
			refType = 4;
		};
		4383C2D1EBF6F005298BABA3 = {
			isa = PBXFileReference;
			name = "segmenteditor.h";
			path = "gui/bodyeditor/segmenteditor.h";
			refType = 4;
		};
		75D26FAEAC75B9E29855ED6A = {
			isa = PBXFileReference;
			name = "brainiacdisplay.h";
			path = "gui/brainiacdisplay.h";
			refType = 4;
		};
		7ABA710C7F99333DA8B4E93B = {
			isa = PBXFileReference;
			name = "animation.h";
			path = "core/agent/body/animation/animation.h";
			refType = 4;
		};
		1F32E3C15EBAE64C12AD8C85 = {
			isa = PBXFileReference;
			name = "animationcurve.h";
			path = "core/agent/body/animation/animationcurve.h";
			refType = 4;
		};
		58DF10B578C758E7FC6796F0 = {
			isa = PBXFileReference;
			name = "animationplayer.h";
			path = "core/agent/body/animation/animationplayer.h";
			refType = 4;
		};
		1204E78D7AAFAEEE36A53D22 = {
			isa = PBXFileReference;
			name = "actioneditor.h";
			path = "gui/Animation/actioneditor.h";
			refType = 4;
		};
		53DB8CC3F2D96D2C6161C183 = {
			isa = PBXFileReference;
			name = "actiondisplay.h";
			path = "gui/actiondisplay.h";
			refType = 4;
		};
		DBE1360B8F4DAF6A65829FE7 = {
			isa = PBXFileReference;
			name = "modifiableanimation.h";
			path = "core/agent/body/animation/modifiableanimation.h";
			refType = 4;
		};
		77C3276563018B83DA4B6090 = {
			isa = PBXFileReference;
			name = "loopeditorscene.h";
			path = "gui/Animation/loopeditorscene.h";
			refType = 4;
		};
		BF2E4D2FCCF8C0DAD5FA89A0 = {
			isa = PBXFileReference;
			name = "editorlineitem.h";
			path = "gui/Animation/editorlineitem.h";
			refType = 4;
		};
		6C4AC59225D235925241F6DF = {
			isa = PBXFileReference;
			name = "cml.h";
			path = "cml/cml.h";
			refType = 4;
		};
		F4B89672CC2087FF19E28197 = {
			isa = PBXFileReference;
			name = "latchcurve.h";
			path = "core/agent/body/animation/latchcurve.h";
			refType = 4;
		};
		5EC9D6B1A18BC8F2BBEDBAFB = {
			isa = PBXFileReference;
			name = "andeditor.h";
			path = "gui/braineditor/andeditor.h";
			refType = 4;
		};
		43843486C69F6698F46BA832 = {
			isa = PBXFileReference;
			name = "osgmultithreadedqtwidget.h";
			path = "gui/osgmultithreadedqtwidget.h";
			refType = 4;
		};
		11FA8DC1F54BA05740F3C2FF = {
			isa = PBXFileReference;
			name = "bodydisplay_.h";
			path = "gui/bodyeditor/bodydisplay_.h";
			refType = 4;
		};
		82FE4E47393F60AA10436605 = {
			isa = PBXFileReference;
			name = "bodymanager.h";
			path = "core/agent/body/bodymanager.h";
			refType = 4;
		};
		A2CA8F878A8F03AC6C32B849 = {
			isa = PBXFileReference;
			name = "segment.h";
			path = "core/agent/body/segment.h";
			refType = 4;
		};
		A4C741638AC36AD152AE9058 = {
			isa = PBXFileReference;
			name = "segmentshape.h";
			path = "core/agent/body/segmentshape.h";
			refType = 4;
		};
		8E9DBB73C97E28F8D61718AF = {
			isa = PBXFileReference;
			name = "BrainiacNG.pro";
			path = "BrainiacNG.pro";
			refType = 4;
		};
		C80A44DFB75DEAF2593C19EC = {
			isa = PBXFileReference;
			name = "brainiac.qrc";
			path = "brainiac.qrc";
			refType = 4;
		};
		2B07F641B1BB325838FFA83B = {
			fileRef = "C80A44DFB75DEAF2593C19EC";
			isa = PBXBuildFile;
			settings = {
				ATTRIBUTES = (
					);
			};
		};
		AAADAC6536EA21744BA5D483 = {
			isa = PBXFileReference;
			name = "mainwindow.ui";
			path = "gui/mainwindow.ui";
			refType = 4;
		};
		942E5EFACBA17D9A5A9A4C19 = {
			fileRef = "AAADAC6536EA21744BA5D483";
			isa = PBXBuildFile;
			settings = {
				ATTRIBUTES = (
					);
			};
		};
		2416124D2917B2C3F6C94BC8 = {
			isa = PBXFileReference;
			name = "groupeditor.ui";
			path = "gui/sceneeditor/groupeditor.ui";
			refType = 4;
		};
		5BD5AA095892E8D2ACE9DD12 = {
			fileRef = "2416124D2917B2C3F6C94BC8";
			isa = PBXBuildFile;
			settings = {
				ATTRIBUTES = (
					);
			};
		};
		E8351BAC76CA60EC3861A8DC = {
			isa = PBXFileReference;
			name = "outputeditor.ui";
			path = "gui/braineditor/outputeditor.ui";
			refType = 4;
		};
		5E9F13B672C908FCA93434C3 = {
			fileRef = "E8351BAC76CA60EC3861A8DC";
			isa = PBXBuildFile;
			settings = {
				ATTRIBUTES = (
					);
			};
		};
		893ADB2CED29A4EEA35CC0BD = {
			isa = PBXFileReference;
			name = "inputeditor.ui";
			path = "gui/braineditor/inputeditor.ui";
			refType = 4;
		};
		73BE1FB83E7808CC77028D30 = {
			fileRef = "893ADB2CED29A4EEA35CC0BD";
			isa = PBXBuildFile;
			settings = {
				ATTRIBUTES = (
					);
			};
		};
		720817243B63C8806B2C8DA0 = {
			isa = PBXFileReference;
			name = "fuzzyeditor.ui";
			path = "gui/braineditor/fuzzyeditor.ui";
			refType = 4;
		};
		1278E855DC1CF872E967A97B = {
			fileRef = "720817243B63C8806B2C8DA0";
			isa = PBXBuildFile;
			settings = {
				ATTRIBUTES = (
					);
			};
		};
		50F3BEF8380B9F72EEEF287F = {
			isa = PBXFileReference;
			name = "defuzzeditor.ui";
			path = "gui/braineditor/defuzzeditor.ui";
			refType = 4;
		};
		1DB88078A5113ED9E72C68ED = {
			fileRef = "50F3BEF8380B9F72EEEF287F";
			isa = PBXBuildFile;
			settings = {
				ATTRIBUTES = (
					);
			};
		};
		7F17CC76D74AC64BFEB676FA = {
			isa = PBXFileReference;
			name = "noiseeditor.ui";
			path = "gui/braineditor/noiseeditor.ui";
			refType = 4;
		};
		0B93AAEB145DD454FE7D7333 = {
			fileRef = "7F17CC76D74AC64BFEB676FA";
			isa = PBXBuildFile;
			settings = {
				ATTRIBUTES = (
					);
			};
		};
		B8176BE0C413A8087A85C53A = {
			isa = PBXFileReference;
			name = "placeeditor.ui";
			path = "gui/placeeditor.ui";
			refType = 4;
		};
		210510B10F408DE3369E2A42 = {
			fileRef = "B8176BE0C413A8087A85C53A";
			isa = PBXBuildFile;
			settings = {
				ATTRIBUTES = (
					);
			};
		};
		926F21DE3582D73F2BBC7967 = {
			isa = PBXFileReference;
			name = "segmenteditor.ui";
			path = "gui/bodyeditor/segmenteditor.ui";
			refType = 4;
		};
		2D9E717B29D41CE1CBFA8A32 = {
			fileRef = "926F21DE3582D73F2BBC7967";
			isa = PBXBuildFile;
			settings = {
				ATTRIBUTES = (
					);
			};
		};
		35500BEC928508E85156CC82 = {
			isa = PBXFileReference;
			name = "actioneditor.ui";
			path = "gui/Animation/actioneditor.ui";
			refType = 4;
		};
		AABD51FD233716B984C34146 = {
			fileRef = "35500BEC928508E85156CC82";
			isa = PBXBuildFile;
			settings = {
				ATTRIBUTES = (
					);
			};
		};
		4121ED479650E0F7FD247611 = {
			isa = PBXFileReference;
			name = "andeditor.ui";
			path = "gui/braineditor/andeditor.ui";
			refType = 4;
		};
		EFE4250F6B4DC6983586B29D = {
			fileRef = "4121ED479650E0F7FD247611";
			isa = PBXBuildFile;
			settings = {
				ATTRIBUTES = (
					);
			};
		};
		883D7615C4D2DE3FA1218F12 = {
			isa = PBXGroup;
			children = (
				"7B379FA85D7836542CDE6907",
				"454CC974649E09D1AB355F4B",
				"0D0984072E573B0EDA57C716");
			name = "Headers";
			refType = 4;
		};
		0D0984072E573B0EDA57C716 = {
			isa = PBXGroup;
			children = (
				"6C4AC59225D235925241F6DF");
			name = "cml";
			refType = 4;
		};
		454CC974649E09D1AB355F4B = {
			isa = PBXGroup;
			children = (
				"F8DB9B691F0D3933765881DC",
				"66CA05C35924C8AB372E71A1",
				"A8593CDB89508577217C2638",
				"C74CA0452499192CDDCB08C5",
				"3365D39619C205EA491F7F0F",
				"F6E68A5530154750FA5571C9",
				"6FD45A1E510C14E111C75885",
				"DA02D2AFBBF688AA2A26FF82",
				"E9B0B5D134028AC85A8F1668");
			name = "core";
			refType = 4;
		};
		66CA05C35924C8AB372E71A1 = {
			isa = PBXGroup;
			children = (
				"B5E7A580B0A511728D3A22CF",
				"B6F8B46FA80132FAFC7B15DA",
				"AA7C53A09410B2329752D82F",
				"DB615493BD0420F1A2B5C3D0",
				"363740460D0EB9F25C2E75AB");
			name = "agent";
			refType = 4;
		};
		DB615493BD0420F1A2B5C3D0 = {
			isa = PBXGroup;
			children = (
				"DA80F80F6A5789D3AB2403EE",
				"E5EA812493E7ED6D2D1C916C",
				"5AEBD6B0290DF333E47EA997",
				"0968325F38F071958F5D8F15",
				"816090BFD4704E9EE3287E84",
				"AC907330BC9999E7162574AD",
				"82FE4E47393F60AA10436605",
				"A2CA8F878A8F03AC6C32B849",
				"A4C741638AC36AD152AE9058");
			name = "body";
			refType = 4;
		};
		AC907330BC9999E7162574AD = {
			isa = PBXGroup;
			children = (
				"7ABA710C7F99333DA8B4E93B",
				"1F32E3C15EBAE64C12AD8C85",
				"58DF10B578C758E7FC6796F0",
				"DBE1360B8F4DAF6A65829FE7",
				"F4B89672CC2087FF19E28197");
			name = "animation";
			refType = 4;
		};
		B5E7A580B0A511728D3A22CF = {
			isa = PBXGroup;
			children = (
				"46A1046AB58FA71ADF956C5C",
				"C04A6A05844B319BBF1E49C4",
				"AAE54F4A4F3DDF71CA54F495",
				"5A498089891FBE5D2520BBB3",
				"73606655808B952F081CE0AE",
				"87EDDEE0D94B3EDB9C291836",
				"A4BA623AEA8C3DE2F9E1A024",
				"9D549A43271071F0D686487F",
				"13AF812689FB40E2317E1FF7",
				"DC3B6E70EF8C76AE95308964");
			name = "brain";
			refType = 4;
		};
		A8593CDB89508577217C2638 = {
			isa = PBXGroup;
			children = (
				"D12347A50A9B19C9DFD6FAE9",
				"2F8187D3440213778189DABB",
				"0C29F4B317584EBFE1C1B6FB");
			name = "generator";
			refType = 4;
		};
		C74CA0452499192CDDCB08C5 = {
			isa = PBXGroup;
			children = (
				"01EC7BDEF1027AF521EF75DF");
			name = "group";
			refType = 4;
		};
		7B379FA85D7836542CDE6907 = {
			isa = PBXGroup;
			children = (
				"4646A774C7750EFDB287D4C7",
				"108ECB74815CB5F8B91D2343",
				"BA7691809FFD71C2830DA8B6",
				"283903CA017F6CA1808083A8",
				"B3B1ED3AA0FFB9072E13970C",
				"801FDA780E5D1B48C41F9E71",
				"4AFF517CEE65F90D79E6B825",
				"D8FD80FD2E716D80D427E68E",
				"2ECC646E24AB4EC3C4E4B1CA",
				"502C5FABC254E0EDEBE8A936",
				"A1AC1CD7C9FA8BEFA2C3D457",
				"51479B7E24D839542379C2CD",
				"62248DEBD5E1F533BFBECD85",
				"5BA1E748C5B4536234F8D02F",
				"8F90AE738C27502D79C81410",
				"75D26FAEAC75B9E29855ED6A",
				"DBBCEC5FE07C081B3FD42E74",
				"53DB8CC3F2D96D2C6161C183",
				"43843486C69F6698F46BA832");
			name = "gui";
			refType = 4;
		};
		DBBCEC5FE07C081B3FD42E74 = {
			isa = PBXGroup;
			children = (
				"1204E78D7AAFAEEE36A53D22",
				"77C3276563018B83DA4B6090",
				"BF2E4D2FCCF8C0DAD5FA89A0");
			name = "Animation";
			refType = 4;
		};
		5BA1E748C5B4536234F8D02F = {
			isa = PBXGroup;
			children = (
				"89BC50904013DBF91C8CA036",
				"F0761E0042D1E590E37C0156",
				"4383C2D1EBF6F005298BABA3",
				"11FA8DC1F54BA05740F3C2FF");
			name = "bodyeditor";
			refType = 4;
		};
		502C5FABC254E0EDEBE8A936 = {
			isa = PBXGroup;
			children = (
				"8211077EDDAB0FB3D3786C05",
				"33C099227D77FE61707D6D03",
				"5427C62CAB48F4CBD0141C48",
				"3561A5C89FD03D8D3E36DC00",
				"D4FE9A9AB2C762386FCDF904",
				"D1538D7DD2A761963CB2B469",
				"117EB9AFE29AD5AF6E84D383",
				"424F2E16068ABE87506C6D4A",
				"4148F801CAB43401703F0EEF",
				"5EC9D6B1A18BC8F2BBEDBAFB");
			name = "braineditor";
			refType = 4;
		};
		B3B1ED3AA0FFB9072E13970C = {
			isa = PBXGroup;
			children = (
				"DB1A63AC21A094BC416FE3BF",
				"A3294110D91CE142E689C4BF",
				"ADCF341F38BD64965938F031");
			name = "sceneeditor";
			refType = 4;
		};
		534182E3F71580531827A90F = {
			isa = PBXGroup;
			children = (
				"AAADAC6536EA21744BA5D483",
				"4C0749F7C5C79445B48D50D7",
				"5952939757D09CE900B0D78D",
				"B8176BE0C413A8087A85C53A",
				"C1B14BBB1DB0EC9877372161",
				"1A38C9844DCA7ACB17E38277");
			name = "gui";
			refType = 4;
		};
		1A38C9844DCA7ACB17E38277 = {
			isa = PBXGroup;
			children = (
				"35500BEC928508E85156CC82");
			name = "Animation";
			refType = 4;
		};
		C1B14BBB1DB0EC9877372161 = {
			isa = PBXGroup;
			children = (
				"926F21DE3582D73F2BBC7967");
			name = "bodyeditor";
			refType = 4;
		};
		5952939757D09CE900B0D78D = {
			isa = PBXGroup;
			children = (
				"E8351BAC76CA60EC3861A8DC",
				"893ADB2CED29A4EEA35CC0BD",
				"720817243B63C8806B2C8DA0",
				"50F3BEF8380B9F72EEEF287F",
				"7F17CC76D74AC64BFEB676FA",
				"4121ED479650E0F7FD247611");
			name = "braineditor";
			refType = 4;
		};
		4C0749F7C5C79445B48D50D7 = {
			isa = PBXGroup;
			children = (
				"2416124D2917B2C3F6C94BC8");
			name = "sceneeditor";
			refType = 4;
		};
		DD5BB0965A7902704A5202B9 = {
			isa = PBXGroup;
			children = (
				"2B9909A3E79AA17873A85C10",
				"42746631B531F119CA7E484D",
				"F793C1FB2A5C60DBEB1EE664",
				"DBB1D93585E879768422F23C",
				"1AD2A6E71BC437F575DD22F8",
				"1D95F6C6D9AF361203A60B94",
				"7EB822BF7A883DAB160A97E3",
				"15FB425BBC019B77F8744870",
				"9E5BA31CFB8203113687B9B3");
			name = "core";
			refType = 4;
		};
		42746631B531F119CA7E484D = {
			isa = PBXGroup;
			children = (
				"2E20E30EBB68E4A76DEB5AEE",
				"C3D92C559A041491728D285F",
				"825254183E06014372BFB936",
				"9C73E64AA281BC366D645F9C",
				"EBA643DB65C79A11AC252CCE");
			name = "agent";
			refType = 4;
		};
		9C73E64AA281BC366D645F9C = {
			isa = PBXGroup;
			children = (
				"AC516671AA4CEB18D69A9163",
				"C497ED6AD5D65535ED64D426",
				"857E32953F25A9B135DB432C",
				"84D1D24E980A15146158DACB",
				"98141E7F4F549C7809AA7D87",
				"3C797C1697E39D82EE647EA8",
				"86E39A4D3E4D7E587DEB9DF6",
				"4F4EFF802AAB8674139BA284",
				"55C7438A5D8EFA53E26467F9");
			name = "body";
			refType = 4;
		};
		3C797C1697E39D82EE647EA8 = {
			isa = PBXGroup;
			children = (
				"318A08E4283291C64384395B",
				"802A4247CD3C6B1DC362B093",
				"1DE16994AD56F115ADE8C7BA",
				"678B627A6F5C3469D2536B5A",
				"65939423CFC34D98843FDA59");
			name = "animation";
			refType = 4;
		};
		2E20E30EBB68E4A76DEB5AEE = {
			isa = PBXGroup;
			children = (
				"9F42F7A6B5ED348F63C9BA53",
				"45C143D05C242E7FA45A88B2",
				"1BAC4EF1709ABC787CC3D4B7",
				"898E006F843B3A081A5FC697",
				"C9FDF8F50D13612C4B632AB5",
				"BE93B808227C2D17F2A115A7",
				"B7629B864C4FA195A0943651",
				"F75098C9531A44BC231C260F",
				"7BEB581A7CDC37A142C3E49F",
				"4CF178D2B5E0D30769180AB3");
			name = "brain";
			refType = 4;
		};
		F793C1FB2A5C60DBEB1EE664 = {
			isa = PBXGroup;
			children = (
				"EA5DE0A9945EBD9551D0A05C",
				"56D60C8FD51E865C920535D1",
				"0B87844CE6AEC5AC3E8E3A29");
			name = "generator";
			refType = 4;
		};
		DBB1D93585E879768422F23C = {
			isa = PBXGroup;
			children = (
				"B6A01E85FE43812F85857B22");
			name = "group";
			refType = 4;
		};
		FCF85D6EC55E7D096C8A1CBD = {
			isa = PBXGroup;
			children = (
				"675FC485480C589A982951B1",
				"9B7AFCF05837E15D291FBA85",
				"EF715338C737ACB084A87453",
				"9A80F93ADE2373BA16A325F3",
				"C6EC58FC35BA9C85F73A38C5",
				"8BDECC5A96D9E0C83C3EC07E",
				"AA4555AEB56CDD53337B9192",
				"30D7750EC2BF76709D1EA9CE",
				"53A1CD4B4291F3681DE2CD30",
				"D11903A8CACD2F770782841E",
				"0D065F76D0FDD383B9853CC8",
				"840E1DE54CBF0232FAA168D2",
				"F629C908D2960EF6FC44AC8F",
				"A24BD3E957F43F59C7D61F09",
				"DC70B8BA8CA18C18782E6129",
				"067B59BECA0F5A7D96DF4EDE",
				"91AF807F41368FD0EA1FB14D",
				"47269A994D3173AA9B69166E");
			name = "gui";
			refType = 4;
		};
		91AF807F41368FD0EA1FB14D = {
			isa = PBXGroup;
			children = (
				"A670F5A54E6D1F883A609786",
				"C7FDE1D4F150C692E2C192F4",
				"4B7D44DBEF40CE8CA023B420");
			name = "Animation";
			refType = 4;
		};
		A24BD3E957F43F59C7D61F09 = {
			isa = PBXGroup;
			children = (
				"35AA68FF48351BDA982EB5E8",
				"E0EDE9830C7C4D88C35B5E41",
				"65420AE83BEBE09625587E9A",
				"5D8A90B0B0DED147F6F89734");
			name = "bodyeditor";
			refType = 4;
		};
		D11903A8CACD2F770782841E = {
			isa = PBXGroup;
			children = (
				"E4A790C8451812F92B62176D",
				"0C7455CCBA405BF54FC284D4",
				"1053A4FD5E55F60081F43BC3",
				"9D21ED9EFB2DD1DBBDB84006",
				"CFF229A6274E3909C6A6EBC9",
				"1E00D868EA821791A5E282C3",
				"41D91EDCCC4F5C640F5E3E72",
				"6C31533A4D244875ABBCDAC4",
				"9A4EF6EB6A5414F83908D85C",
				"34CE83CD4CC1835578A06390");
			name = "braineditor";
			refType = 4;
		};
		C6EC58FC35BA9C85F73A38C5 = {
			isa = PBXGroup;
			children = (
				"FD760062A73EC27A9CEF2A12",
				"3393AA6F458256812535B6CB",
				"54AB5334CAD2BFED30AE7AFB");
			name = "sceneeditor";
			refType = 4;
		};
		FB61758D0F0FDA4BA867C3D5 = {
			isa = PBXGroup;
			children = (
				"118FCBAABA162BA17933C789",
				"FCF85D6EC55E7D096C8A1CBD",
				"DD5BB0965A7902704A5202B9");
			name = "Sources";
			refType = 4;
		};
		52C235EBF1C9B07808119459 = {
			isa = PBXGroup;
			children = (
				"C80A44DFB75DEAF2593C19EC");
			name = "Sources [RCC]";
			refType = 4;
		};
		EEC299C65D5017EB9DD513B0 = {
			isa = PBXGroup;
			children = (
				"534182E3F71580531827A90F");
			name = "Sources [UIC]";
			refType = 4;
		};
		7CABE3C80E79AD2B307756D2 = {
			isa = PBXGroup;
			children = (
				"8E9DBB73C97E28F8D61718AF");
			name = "Sources [qmake]";
			refType = 4;
		};
		46E892BBB6BB6952967E0561 = {
			isa = PBXGroup;
			children = (
				"336D3C48DD3B44974395C633",
				"DF84BD3F5879C966CD9F132C",
				"EC77AFFD996D2D0993B4AB29",
				"DBEF30CF2673FC45F055FE38",
				"9FA9147FEC2F1A38C79D6CF1",
				"3D07B8D594991F61E37AAF2D",
				"DA843679C70287FFA97E1D8A",
				"B30649F6DF603B44FEB03308",
				"407A98B8A4749AACA2F68592",
				"EACBC668EB438C0A7CA12B0D",
				"9724E00ABF4BD8B6BC0FA7CE",
				"7C356AF8217E180866C12C88",
				"9041FE3660901952D7D6DFAD",
				"0F6EC6496A7912295C76312C",
				"A1388E5100FC87A67E5D04A4",
				"ADF3601688DFD0597A2395D4",
				"1BCB7D93A46CBFCD63575C3E",
				"735926E52FD341D676C27E36",
				"8F285516EBFE5BFD85EC2232",
				"F61A0307CF55FCE2A63CAC2C",
				"BAF9CFFDEFCC8CC7062E64FA",
				"00A98D5848425ABAFE255F9E",
				"8666C6FB7279B8628C6C4BE8",
				"30378180D80820FC466F1145",
				"830454B710248E36C89C47F2",
				"E7A27D3773FAC4FCE3EC2DBD",
				"F2131858B7066E747F52AD7E",
				"6861A8A3904AF5BFBA706519",
				"D09B53491707E8CF21513D32",
				"BAA6353F7588D7FEBF606F25",
				"C100AD579151A088B3043EED",
				"E608B92635C4216E4D43BDAA",
				"64CDAAD255B206CAB980C89E",
				"C758608D5D4F347CC10C5417",
				"B27E116E5BE42323D6A25802",
				"5A64C6B3AB8C46511C046738",
				"AFB98B37FF0012B837A2131C",
				"306A2C05AD626C24F121D976",
				"A36F466B76C7CBF6DEC10613",
				"E314EB47CEA08C9915CEA780",
				"2728C1E8E3994F3CD31FD751",
				"3EC3116DB51AD3243ADB6269",
				"CBB29E5E4B3E1A3C8D36B069",
				"3193441381F13B6623B80A46",
				"183A8840318E04EDE5575803",
				"FAEF066E48519CADAF6275B5",
				"C6DF167544E8132D2884FD60");
			name = "Temporary Sources";
			refType = 4;
		};
		A0A52A2ADF7A1E2A99738674 = {
			buildActionMask = 2147483647;
			files = (
				);
			generatedFileNames = (
				"2B093CA6F071B023A473CED0",
				"AB6927FB8B7DBE4812861F37",
				"216B5F6CFDF4718C3A113971",
				"EF4176DEE24D99128BB26C51",
				"2433F7D270A3DD5A688ABE81",
				"FF1319AF7F02E65EC4DE1319",
				"A2D5D5E2D22837F815A54415",
				"2F891E57EB6326101DAE150A",
				"0D8D2F13C5BCD1754D177CB6",
				"F5F4F4B6BBFA6F328E9F42AD",
				"64F56FCCD370AE4FDCE886E7",
				"3892E5BFC49D9543898BD7E5",
				"8BBA2647CDB1CBB1D6526539",
				"3BEA92C399CA477E75A8F5F9",
				"7E2A8E4B940BD407A57BEF23",
				"650F01EE54667C60AFDA990F",
				"F130DF8E9FCF4B6AB91CD8AF",
				"C9A48EDA44296AD0F0E9B824",
				"ED0189646BD23497766619BF",
				"7AB5A6465CC3DBCAB84DD5F7",
				"9BAD1E08DF8191062FDC7BFD",
				"29BC82BF4B34C92BBD2931E1",
				"B0416B6C2D39D472145DF4FA",
				"B595DB48B13A77334E47B128",
				"5F4824E415191E1E82FB114B",
				"64611B8282C8878B29FBD5F1",
				"444D47A7B717F068AE12D2A1",
				"91CDCAEA3318BCB940991F88",
				"62B50A53C0B0C7D90F093524",
				"EE386FC3358E566D93724C8B",
				"654EA80BAE314F6B328C8736",
				"8B33F740FF6F1E3024A319DD",
				"FE7118289FC02C61D3A531F8",
				"BADDEA9765B5F4D7DAEA1760",
				"E703230B29E7A0971AE8641C",
				"A70899CF9F98DCBDC08E969D",
				"B9241A72353F52141AC013AB",
				"A80CBE8094E035A0FA996F3D",
				"83BD747E9FCBE5C14997B6A6",
				"BCD75E5D2286676A09AE5826",
				"C5F89A8B41ED27E7F5A042D5",
				"515F2DD43FDBA328D72E3F34",
				"9931EE85021C34A1263731F2",
				"3597FA4255952F9AA5134871",
				"5D4B871B23015A8D4B30C2C1",
				"E91972B571C752EC6297B246",
				"ABB39892F2097B5E4670D175",
				"7112171C1F340E04BF059FD5",
				"E815FA830C288AC27F6E3FC6",
				"05A909D0C980A8A629034A3C",
				"2FB9A83B1CFE1982E490FE0C",
				"9A76FBB58997CFAA67D063FB",
				"9A366F7827A1B208D84444F0",
				"95725A0706AF18CB9EDE8655",
				"DDB2BE1D8B483EF27BCF16B4",
				"2680C7752EBDBAFCE4326BBB",
				"E0E36FA1EAD5F6EDC0380106",
				"1B2FEA6EEC71C6DA15C716FB",
				"60048F936D21046B62CDD3DA",
				"461C1438E3DC0B83F0ACA48A",
				"4D4BE3E34E07C1CDFD5E03F0",
				"533B1D8F55891C7619EB45AF",
				"AFCE7F3DC2E5BF93F5E666E4",
				"B91BA8B3134C9CB51760999E",
				"87BE0ACBD89794E40980ED49",
				"D10187CC2EA8011BED48BB7A",
				"5F5ACDDC9093D284305C7648",
				"3F994CA2C68D9534B82B97B4",
				"8C68F9019A7096BBA49A2379",
				"EA0970514FB06F579A591FB7",
				"2D1EA64B61C634F9AAB5F79A",
				"26C2BED6C570C95F5243C556",
				"790D9990BFCC24C8FCDAE2EE",
				"9283A488C16FCA054827A580",
				"14E162D362798051A6BB9736",
				"000922968DC73725E1646EFA",
				"06A7C53D9EDEEF43F741FD69",
				"EBB8F3E25417F41200380944",
				"C7B7D4EE8A1D159E0745DBD7",
				"E8468B20A01BB4CC93CDAC63",
				"EA2147C81ADD247ED0F9B744",
				"9CC84B75433E5F686D603171",
				"A5124FBE40DCFA62B211141C",
				"9F5A0FC907F23B2B2BA25ED6",
				"C4382FB0C2C5EB09822D1F60",
				"2BBE36DD3A59C6EEA509D162",
				"C2C5C1AE2537225BBE3A1BBE",
				"F72F0253D45E0D3ED109A5D0",
				"5F1C9D5A24A0511A68A4CEA1",
				"87F2275785B07C2A7281E663",
				"2C56FFCB15C225E0D8208426",
				"4A2C6838D818D2DD016B286D",
				"B52C7ADCBF2D2552C003801B",
				"415127578D895B45F3167233",
				"972CB81D643FF55EADC6DB77",
				"3071C43BAE84463A4C8FD596",
				"E208848907A4E1EFB44D1901",
				"C11A6C7AD794F9CC8BEEAD20",
				"90262574CCD85EA04CE68DE3",
				"DDC4C0BA0BAC1A494B1BB8C0",
				"B3D4BB2F0EE797A5ED276563",
				"C3A44F1F8B97018603686E16",
				"D28E17A80D5E3C9A4F34ED24",
				"F6A6153FE11DC65248EA44E7",
				"15B59ED931A27EED5E097359",
				"2E57771D6B42F48AF73EE12B",
				"8D8A635092C4FF34729C265F");
			isa = PBXShellScriptBuildPhase;
			name = "Qt Preprocessors";
			neededFileNames = (
				"2B093CA6F071B023A473CED0",
				"AB6927FB8B7DBE4812861F37",
				"216B5F6CFDF4718C3A113971",
				"EF4176DEE24D99128BB26C51",
				"2433F7D270A3DD5A688ABE81",
				"FF1319AF7F02E65EC4DE1319",
				"A2D5D5E2D22837F815A54415",
				"2F891E57EB6326101DAE150A",
				"0D8D2F13C5BCD1754D177CB6",
				"F5F4F4B6BBFA6F328E9F42AD",
				"64F56FCCD370AE4FDCE886E7",
				"3892E5BFC49D9543898BD7E5",
				"8BBA2647CDB1CBB1D6526539",
				"3BEA92C399CA477E75A8F5F9",
				"7E2A8E4B940BD407A57BEF23",
				"650F01EE54667C60AFDA990F",
				"F130DF8E9FCF4B6AB91CD8AF",
				"C9A48EDA44296AD0F0E9B824",
				"ED0189646BD23497766619BF",
				"7AB5A6465CC3DBCAB84DD5F7",
				"9BAD1E08DF8191062FDC7BFD",
				"29BC82BF4B34C92BBD2931E1",
				"B0416B6C2D39D472145DF4FA",
				"B595DB48B13A77334E47B128",
				"5F4824E415191E1E82FB114B",
				"64611B8282C8878B29FBD5F1",
				"444D47A7B717F068AE12D2A1",
				"91CDCAEA3318BCB940991F88",
				"62B50A53C0B0C7D90F093524",
				"EE386FC3358E566D93724C8B",
				"654EA80BAE314F6B328C8736",
				"8B33F740FF6F1E3024A319DD",
				"FE7118289FC02C61D3A531F8",
				"BADDEA9765B5F4D7DAEA1760",
				"E703230B29E7A0971AE8641C",
				"A70899CF9F98DCBDC08E969D",
				"B9241A72353F52141AC013AB",
				"A80CBE8094E035A0FA996F3D",
				"83BD747E9FCBE5C14997B6A6",
				"BCD75E5D2286676A09AE5826",
				"C5F89A8B41ED27E7F5A042D5",
				"515F2DD43FDBA328D72E3F34",
				"9931EE85021C34A1263731F2",
				"3597FA4255952F9AA5134871",
				"5D4B871B23015A8D4B30C2C1",
				"E91972B571C752EC6297B246",
				"ABB39892F2097B5E4670D175",
				"7112171C1F340E04BF059FD5",
				"E815FA830C288AC27F6E3FC6",
				"05A909D0C980A8A629034A3C",
				"2FB9A83B1CFE1982E490FE0C",
				"9A76FBB58997CFAA67D063FB",
				"9A366F7827A1B208D84444F0",
				"95725A0706AF18CB9EDE8655",
				"DDB2BE1D8B483EF27BCF16B4",
				"2680C7752EBDBAFCE4326BBB",
				"E0E36FA1EAD5F6EDC0380106",
				"1B2FEA6EEC71C6DA15C716FB",
				"60048F936D21046B62CDD3DA",
				"461C1438E3DC0B83F0ACA48A",
				"4D4BE3E34E07C1CDFD5E03F0",
				"533B1D8F55891C7619EB45AF",
				"AFCE7F3DC2E5BF93F5E666E4",
				"B91BA8B3134C9CB51760999E",
				"87BE0ACBD89794E40980ED49",
				"D10187CC2EA8011BED48BB7A",
				"5F5ACDDC9093D284305C7648",
				"3F994CA2C68D9534B82B97B4",
				"8C68F9019A7096BBA49A2379",
				"EA0970514FB06F579A591FB7",
				"2D1EA64B61C634F9AAB5F79A",
				"26C2BED6C570C95F5243C556",
				"790D9990BFCC24C8FCDAE2EE",
				"9283A488C16FCA054827A580",
				"14E162D362798051A6BB9736",
				"000922968DC73725E1646EFA",
				"06A7C53D9EDEEF43F741FD69",
				"EBB8F3E25417F41200380944",
				"C7B7D4EE8A1D159E0745DBD7",
				"E8468B20A01BB4CC93CDAC63",
				"EA2147C81ADD247ED0F9B744",
				"9CC84B75433E5F686D603171",
				"A5124FBE40DCFA62B211141C",
				"9F5A0FC907F23B2B2BA25ED6",
				"C4382FB0C2C5EB09822D1F60",
				"2BBE36DD3A59C6EEA509D162",
				"C2C5C1AE2537225BBE3A1BBE",
				"F72F0253D45E0D3ED109A5D0",
				"5F1C9D5A24A0511A68A4CEA1",
				"87F2275785B07C2A7281E663",
				"2C56FFCB15C225E0D8208426",
				"4A2C6838D818D2DD016B286D",
				"B52C7ADCBF2D2552C003801B",
				"415127578D895B45F3167233",
				"972CB81D643FF55EADC6DB77",
				"3071C43BAE84463A4C8FD596",
				"E208848907A4E1EFB44D1901",
				"C11A6C7AD794F9CC8BEEAD20",
				"90262574CCD85EA04CE68DE3",
				"DDC4C0BA0BAC1A494B1BB8C0",
				"B3D4BB2F0EE797A5ED276563",
				"C3A44F1F8B97018603686E16",
				"D28E17A80D5E3C9A4F34ED24",
				"F6A6153FE11DC65248EA44E7",
				"15B59ED931A27EED5E097359",
				"2E57771D6B42F48AF73EE12B",
				"8D8A635092C4FF34729C265F");
			shellPath = "/bin/sh";
			shellScript = "make\ -C\ /Users/dirkfuchs/Programming/BrainiacNG\ -f\ \'BrainiacNG.xcodeproj/qt_preprocess.mak\'";
		};
		C29B8785722055ED95EF7B57 = {
			buildActionMask = 2147483647;
			files = (
				"2B093CA6F071B023A473CED0",
				"AB6927FB8B7DBE4812861F37",
				"216B5F6CFDF4718C3A113971",
				"EF4176DEE24D99128BB26C51",
				"2433F7D270A3DD5A688ABE81",
				"FF1319AF7F02E65EC4DE1319",
				"A2D5D5E2D22837F815A54415",
				"2F891E57EB6326101DAE150A",
				"0D8D2F13C5BCD1754D177CB6",
				"F5F4F4B6BBFA6F328E9F42AD",
				"64F56FCCD370AE4FDCE886E7",
				"3892E5BFC49D9543898BD7E5",
				"8BBA2647CDB1CBB1D6526539",
				"3BEA92C399CA477E75A8F5F9",
				"7E2A8E4B940BD407A57BEF23",
				"650F01EE54667C60AFDA990F",
				"F130DF8E9FCF4B6AB91CD8AF",
				"C9A48EDA44296AD0F0E9B824",
				"ED0189646BD23497766619BF",
				"7AB5A6465CC3DBCAB84DD5F7",
				"9BAD1E08DF8191062FDC7BFD",
				"29BC82BF4B34C92BBD2931E1",
				"B0416B6C2D39D472145DF4FA",
				"B595DB48B13A77334E47B128",
				"5F4824E415191E1E82FB114B",
				"64611B8282C8878B29FBD5F1",
				"444D47A7B717F068AE12D2A1",
				"91CDCAEA3318BCB940991F88",
				"62B50A53C0B0C7D90F093524",
				"EE386FC3358E566D93724C8B",
				"654EA80BAE314F6B328C8736",
				"8B33F740FF6F1E3024A319DD",
				"FE7118289FC02C61D3A531F8",
				"BADDEA9765B5F4D7DAEA1760",
				"E703230B29E7A0971AE8641C",
				"A70899CF9F98DCBDC08E969D",
				"B9241A72353F52141AC013AB",
				"A80CBE8094E035A0FA996F3D",
				"83BD747E9FCBE5C14997B6A6",
				"BCD75E5D2286676A09AE5826",
				"C5F89A8B41ED27E7F5A042D5",
				"515F2DD43FDBA328D72E3F34",
				"9931EE85021C34A1263731F2",
				"3597FA4255952F9AA5134871",
				"5D4B871B23015A8D4B30C2C1",
				"E91972B571C752EC6297B246",
				"ABB39892F2097B5E4670D175",
				"7112171C1F340E04BF059FD5",
				"E815FA830C288AC27F6E3FC6",
				"05A909D0C980A8A629034A3C",
				"2FB9A83B1CFE1982E490FE0C",
				"9A76FBB58997CFAA67D063FB",
				"9A366F7827A1B208D84444F0",
				"95725A0706AF18CB9EDE8655",
				"DDB2BE1D8B483EF27BCF16B4",
				"2680C7752EBDBAFCE4326BBB",
				"E0E36FA1EAD5F6EDC0380106",
				"1B2FEA6EEC71C6DA15C716FB",
				"60048F936D21046B62CDD3DA",
				"461C1438E3DC0B83F0ACA48A",
				"4D4BE3E34E07C1CDFD5E03F0",
				"533B1D8F55891C7619EB45AF",
				"AFCE7F3DC2E5BF93F5E666E4",
				"B91BA8B3134C9CB51760999E",
				"87BE0ACBD89794E40980ED49",
				"D10187CC2EA8011BED48BB7A",
				"5F5ACDDC9093D284305C7648",
				"3F994CA2C68D9534B82B97B4",
				"8C68F9019A7096BBA49A2379",
				"EA0970514FB06F579A591FB7",
				"2D1EA64B61C634F9AAB5F79A",
				"26C2BED6C570C95F5243C556",
				"790D9990BFCC24C8FCDAE2EE",
				"9283A488C16FCA054827A580",
				"14E162D362798051A6BB9736",
				"000922968DC73725E1646EFA",
				"06A7C53D9EDEEF43F741FD69",
				"EBB8F3E25417F41200380944",
				"C7B7D4EE8A1D159E0745DBD7",
				"E8468B20A01BB4CC93CDAC63",
				"EA2147C81ADD247ED0F9B744",
				"9CC84B75433E5F686D603171",
				"A5124FBE40DCFA62B211141C",
				"9F5A0FC907F23B2B2BA25ED6",
				"C4382FB0C2C5EB09822D1F60",
				"2BBE36DD3A59C6EEA509D162",
				"C2C5C1AE2537225BBE3A1BBE",
				"F72F0253D45E0D3ED109A5D0",
				"5F1C9D5A24A0511A68A4CEA1",
				"87F2275785B07C2A7281E663",
				"2C56FFCB15C225E0D8208426",
				"4A2C6838D818D2DD016B286D",
				"B52C7ADCBF2D2552C003801B",
				"415127578D895B45F3167233",
				"972CB81D643FF55EADC6DB77",
				"3071C43BAE84463A4C8FD596",
				"E208848907A4E1EFB44D1901",
				"C11A6C7AD794F9CC8BEEAD20",
				"90262574CCD85EA04CE68DE3",
				"DDC4C0BA0BAC1A494B1BB8C0",
				"B3D4BB2F0EE797A5ED276563",
				"C3A44F1F8B97018603686E16",
				"D28E17A80D5E3C9A4F34ED24",
				"F6A6153FE11DC65248EA44E7",
				"15B59ED931A27EED5E097359",
				"2E57771D6B42F48AF73EE12B",
				"8D8A635092C4FF34729C265F");
			isa = PBXSourcesBuildPhase;
			name = "Build Sources";
		};
		C882A0F0240417737EA65338 = {
			isa = PBXFileReference;
			name = "osg";
			path = "/usr/local/lib/libosg.dylib";
			refType = 0;
		};
		4C7BEA1A9E1FA47896CF68E1 = {
			fileRef = "C882A0F0240417737EA65338";
			isa = PBXBuildFile;
			settings = {
			};
		};
		79B04E1F916CAF084A2A36A1 = {
			isa = PBXFileReference;
			name = "osgQt";
			path = "/usr/local/lib/libosgQt.dylib";
			refType = 0;
		};
		CB301C751AEE27082D603477 = {
			fileRef = "79B04E1F916CAF084A2A36A1";
			isa = PBXBuildFile;
			settings = {
			};
		};
		AF84C50A8FA42B3C9B7D0A02 = {
			isa = PBXFileReference;
			name = "osgViewer";
			path = "/usr/local/lib/libosgViewer.dylib";
			refType = 0;
		};
		45120D53E402DEB7CDBEC0A0 = {
			fileRef = "AF84C50A8FA42B3C9B7D0A02";
			isa = PBXBuildFile;
			settings = {
			};
		};
		6A810B851AC79E48817E8255 = {
			isa = PBXFileReference;
			name = "osgGA";
			path = "/usr/local/lib/libosgGA.dylib";
			refType = 0;
		};
		37E78F423615854A112A02D2 = {
			fileRef = "6A810B851AC79E48817E8255";
			isa = PBXBuildFile;
			settings = {
			};
		};
		2A63462034625F15B9A06083 = {
			isa = PBXFileReference;
			name = "osgDB";
			path = "/usr/local/lib/libosgDB.dylib";
			refType = 0;
		};
		6B9301D54F65BDF2CEB31B37 = {
			fileRef = "2A63462034625F15B9A06083";
			isa = PBXBuildFile;
			settings = {
			};
		};
		EA015CCD8EF2E094D631D2C1 = {
			isa = PBXFileReference;
			name = "OpenThreads";
			path = "/usr/local/lib/libOpenThreads.dylib";
			refType = 0;
		};
		E22B403DB402B91571A74C81 = {
			fileRef = "EA015CCD8EF2E094D631D2C1";
			isa = PBXBuildFile;
			settings = {
			};
		};
		06B67ECC26600D35DA00591D = {
			isa = PBXFileReference;
			name = "osgFX";
			path = "/usr/local/lib/libosgFX.dylib";
			refType = 0;
		};
		200FDC988D270914E331C1FB = {
			fileRef = "06B67ECC26600D35DA00591D";
			isa = PBXBuildFile;
			settings = {
			};
		};
		433AE4AC16582B9EDAD838D2 = {
			isa = PBXFrameworkReference;
			name = "glut.framework";
			path = "/System/Library/Frameworks/glut.framework";
			refType = 0;
		};
		F00E56935AFCEA82425F4C8F = {
			fileRef = "433AE4AC16582B9EDAD838D2";
			isa = PBXBuildFile;
			settings = {
			};
		};
		97A95888C741F40F20BA225A = {
			isa = PBXFrameworkReference;
			name = "Qt3D.framework";
			path = "../../QtSDK/Desktop/Qt/4.8.1/gcc/lib/Qt3D.framework";
			refType = 4;
		};
		DA633CA98A7B487AC24A0680 = {
			fileRef = "97A95888C741F40F20BA225A";
			isa = PBXBuildFile;
			settings = {
			};
		};
		121BF125881AFB6F2E86DE95 = {
			isa = PBXFrameworkReference;
			name = "QtOpenGL.framework";
			path = "../../QtSDK/Desktop/Qt/4.8.1/gcc/lib/QtOpenGL.framework";
			refType = 4;
		};
		41E8A4C6F6BCE5E6004913E2 = {
			fileRef = "121BF125881AFB6F2E86DE95";
			isa = PBXBuildFile;
			settings = {
			};
		};
		BD7ABCF1579A93D54F8AAEB2 = {
			isa = PBXFrameworkReference;
			name = "QtGui.framework";
			path = "../../QtSDK/Desktop/Qt/4.8.1/gcc/lib/QtGui.framework";
			refType = 4;
		};
		85776652A13F7367080A7AF6 = {
			fileRef = "BD7ABCF1579A93D54F8AAEB2";
			isa = PBXBuildFile;
			settings = {
			};
		};
		236C50EA27EE8587C5FA5448 = {
			isa = PBXFrameworkReference;
			name = "QtCore.framework";
			path = "../../QtSDK/Desktop/Qt/4.8.1/gcc/lib/QtCore.framework";
			refType = 4;
		};
		B5D009328EBD4F1876D03C5E = {
			fileRef = "236C50EA27EE8587C5FA5448";
			isa = PBXBuildFile;
			settings = {
			};
		};
		A657C225085094FEAB37E829 = {
			isa = PBXFrameworkReference;
			name = "QtNetwork.framework";
			path = "../../QtSDK/Desktop/Qt/4.8.1/gcc/lib/QtNetwork.framework";
			refType = 4;
		};
		6DBF63509267BFFFCA80FFE4 = {
			fileRef = "A657C225085094FEAB37E829";
			isa = PBXBuildFile;
			settings = {
			};
		};
		DA18A6831232F53228631AD1 = {
			isa = PBXFrameworkReference;
			name = "OpenGL.framework";
			path = "/System/Library/Frameworks/OpenGL.framework";
			refType = 0;
		};
		BCEF71E1EDFB18DA77DC750B = {
			fileRef = "DA18A6831232F53228631AD1";
			isa = PBXBuildFile;
			settings = {
			};
		};
		C6766F86E49E9C8701C8E637 = {
			isa = PBXFrameworkReference;
			name = "AGL.framework";
			path = "/System/Library/Frameworks/AGL.framework";
			refType = 0;
		};
		0C6D4628EE0B0D1479A20551 = {
			fileRef = "C6766F86E49E9C8701C8E637";
			isa = PBXBuildFile;
			settings = {
			};
		};
		ED1E82605DD74B483AF3C982 = {
			children = (
				"C882A0F0240417737EA65338",
				"79B04E1F916CAF084A2A36A1",
				"AF84C50A8FA42B3C9B7D0A02",
				"6A810B851AC79E48817E8255",
				"2A63462034625F15B9A06083",
				"EA015CCD8EF2E094D631D2C1",
				"06B67ECC26600D35DA00591D",
				"433AE4AC16582B9EDAD838D2",
				"97A95888C741F40F20BA225A",
				"121BF125881AFB6F2E86DE95",
				"BD7ABCF1579A93D54F8AAEB2",
				"236C50EA27EE8587C5FA5448",
				"A657C225085094FEAB37E829",
				"DA18A6831232F53228631AD1",
				"C6766F86E49E9C8701C8E637");
			isa = PBXGroup;
			name = "External Frameworks and Libraries";
			path = "";
			refType = 4;
		};
		2A1043669E6E5A7426EA502A = {
			buildActionMask = 2147483647;
			files = (
				"4C7BEA1A9E1FA47896CF68E1",
				"CB301C751AEE27082D603477",
				"45120D53E402DEB7CDBEC0A0",
				"37E78F423615854A112A02D2",
				"6B9301D54F65BDF2CEB31B37",
				"E22B403DB402B91571A74C81",
				"200FDC988D270914E331C1FB",
				"F00E56935AFCEA82425F4C8F",
				"DA633CA98A7B487AC24A0680",
				"41E8A4C6F6BCE5E6004913E2",
				"85776652A13F7367080A7AF6",
				"B5D009328EBD4F1876D03C5E",
				"6DBF63509267BFFFCA80FFE4",
				"BCEF71E1EDFB18DA77DC750B",
				"0C6D4628EE0B0D1479A20551");
			isa = PBXFrameworksBuildPhase;
			name = "Frameworks & Libraries";
		};
		3787F99312C85FF0073FD7BA = {
			buildActionMask = 2147483647;
			files = (
			);
			isa = PBXResourcesBuildPhase;
			name = "Bundle Resources";
		};
		05596AB53D8D521C69802C27 = {
			children = (
				"FB61758D0F0FDA4BA867C3D5",
				"46E892BBB6BB6952967E0561",
				"883D7615C4D2DE3FA1218F12",
				"7CABE3C80E79AD2B307756D2",
				"52C235EBF1C9B07808119459",
				"EEC299C65D5017EB9DD513B0",
				"ED1E82605DD74B483AF3C982");
			isa = PBXGroup;
			name = "BrainiacNG";
			path = "";
			refType = 4;
		};
		5B03E3833D52CCA4A09A27ED = {
			isa = PBXFileReference;
			explicitFileType = "wrapper.application";
			path = "BrainiacNG.app";
			refType = 3;
			sourceTree = BUILT_PRODUCTS_DIR;
		};
		068F80C7519D0528FB08E821 = {
			children = (
				"5B03E3833D52CCA4A09A27ED");
			isa = PBXGroup;
			name = "Products";
			refType = 4;
		};
		91CE2DC1D88CA48485815A87 = {
			buildPhases = (
				"D7BA7D76DAB5DD13389D6332",
				"A0A52A2ADF7A1E2A99738674",
				"C29B8785722055ED95EF7B57",
				"2A1043669E6E5A7426EA502A",
				"3787F99312C85FF0073FD7BA");
			buildSettings = {
				CC = "/usr/bin/gcc";
				CPLUSPLUS = "/usr/bin/g++";
				LEXFLAGS = "";
				YACCFLAGS = "-d";
				OTHER_REZFLAGS = "";
				SECTORDER_FLAGS = "";
				WARNING_CFLAGS = "";
				PREBINDING = NO;
				INFOPLIST_FILE = "Info.plist";
				BUILD_ROOT = "/Users/dirkfuchs/Programming/BrainiacNG";
				OTHER_LDFLAGS = (
						"-headerpad_max_install_names",
						"-L/Users/dirkfuchs/QtSDK/Desktop/Qt/4.8.1/gcc/lib",
						"-F/Users/dirkfuchs/QtSDK/Desktop/Qt/4.8.1/gcc/lib",
						"-L/usr/local/lib/",
						"-L/usr/local/pgsql/lib",
						"-L/tmp/qt-stuff-85167/source/qt-everywhere-opensource-src-4.8.1/Desktop/Qt/4.8.1/gcc/lib",
						"-F/tmp/qt-stuff-85167/source/qt-everywhere-opensource-src-4.8.1/Desktop/Qt/4.8.1/gcc/lib");
				DYLIB_CURRENT_VERSION = "1.0.0";
				DYLIB_COMPATIBILITY_VERSION = "1.0";
				MACOSX_DEPLOYMENT_TARGET = "10.4";
				PRODUCT_NAME = "BrainiacNG";
			};
			conditionalBuildSettings = {
			};
			dependencies = (
				);
			productReference = "5B03E3833D52CCA4A09A27ED";
			shouldUseHeadermap = 1;
			buildConfigurationList = 17B3380A4D6A7D415E7F2E1E;
			isa = PBXNativeTarget;
			productType = "com.apple.product-type.application";
			productSettingsXML = "<?xml version=\"1.0\" encoding=\"UTF-8\"?>
<!DOCTYPE plist SYSTEM \"file://localhost/System/Library/DTDs/PropertyList.dtd\">
<plist version=\"0.9\">
<dict>
	<key>CFBundleIconFile</key>
	<string></string>
	<key>CFBundlePackageType</key>
	<string>APPL</string>
    <key>CFBundleGetInfoString</key>
	<string>Created by Qt/QMake</string>
	<key>CFBundleSignature</key>
	<string>????</string>
	<key>CFBundleExecutable</key>
	<string>BrainiacNG</string>
	<key>CFBundleIdentifier</key>
	<string>com.yourcompany.BrainiacNG</string>
	<key>NOTE</key>
	<string>This file was generated by Qt/QMake.</string>
</dict>
</plist>
";
			name = "BrainiacNG";
			productName = "BrainiacNG";
			startupPath = "<<ProjectDirectory>>";
		};
		4B72B24813252891014BCF61 = {
			isa = XCBuildConfiguration;
			buildSettings = {
				COPY_PHASE_STRIP = "NO";
				GCC_GENERATE_DEBUGGING_SYMBOLS = "YES";
				GCC_OPTIMIZATION_LEVEL = "0";
				PRODUCT_NAME = "BrainiacNG";
				HEADER_SEARCH_PATHS = (
					"../../QtSDK/Desktop/Qt/4.8.1/gcc/lib/QtCore.framework/Versions/4/Headers",
					"../../QtSDK/Desktop/Qt/4.8.1/gcc/include/QtCore",
					"../../QtSDK/Desktop/Qt/4.8.1/gcc/lib/QtNetwork.framework/Versions/4/Headers",
					"../../QtSDK/Desktop/Qt/4.8.1/gcc/include/QtNetwork",
					"../../QtSDK/Desktop/Qt/4.8.1/gcc/lib/QtGui.framework/Versions/4/Headers",
					"../../QtSDK/Desktop/Qt/4.8.1/gcc/include/QtGui",
					"../../QtSDK/Desktop/Qt/4.8.1/gcc/lib/QtOpenGL.framework/Versions/4/Headers",
					"../../QtSDK/Desktop/Qt/4.8.1/gcc/include/QtOpenGL",
					"../../QtSDK/Desktop/Qt/4.8.1/gcc/include",
					"/usr/local/include",
					"../../QtSDK/Desktop/Qt/4.8.1/gcc/lib/Qt3D.framework/Versions/1/Headers",
					"/Users/dirkfuchs/QtSDK/Desktop/Qt/4.8.1/gcc/include/Qt3D",
					"/System/Library/Frameworks/OpenGL.framework/Versions/A/Headers",
					"/System/Library/Frameworks/AGL.framework/Headers",
					".",
					".",
					"/usr/local/include",
					"/System/Library/Frameworks/CarbonCore.framework/Headers",
					"../../QtSDK/Desktop/Qt/4.8.1/gcc/mkspecs/macx-xcode");
				LIBRARY_SEARCH_PATHS = (
					"/Users/dirkfuchs/QtSDK/Desktop/Qt/4.8.1/gcc/lib",
					"/usr/local/lib/",
					"/System/Library/Frameworks/",
					"/usr/local/pgsql/lib",
					"/tmp/qt-stuff-85167/source/qt-everywhere-opensource-src-4.8.1/Desktop/Qt/4.8.1/gcc/lib");
				FRAMEWORK_SEARCH_PATHS = (
					"/Users/dirkfuchs/QtSDK/Desktop/Qt/4.8.1/gcc/lib",
					"/Users/dirkfuchs/QtSDK/Desktop/Qt/4.8.1/gcc/lib",
					"/tmp/qt-stuff-85167/source/qt-everywhere-opensource-src-4.8.1/Desktop/Qt/4.8.1/gcc/lib");
				INFOPLIST_FILE = "Info.plist";
				OTHER_CFLAGS = (
					"-pipe",
					"-g",
					"-Wall",
					"-W",
					"-D__LASTCOMMIT__='\"(8c1fcc5d6a45217e9072ea4923f0149951e144d2)\"'",
					"-DQT_OPENGL_LIB",
					"-DQT_GUI_LIB",
					"-DQT_NETWORK_LIB",
					"-DQT_CORE_LIB",
					"-DQT_SHARED");
				OTHER_CPLUSPLUSFLAGS = (
					"-pipe",
					"-g",
					"-FQt3D",
					"-Wall",
					"-W",
					"-D__LASTCOMMIT__='\"(8c1fcc5d6a45217e9072ea4923f0149951e144d2)\"'",
					"-DQT_OPENGL_LIB",
					"-DQT_GUI_LIB",
					"-DQT_NETWORK_LIB",
					"-DQT_CORE_LIB",
					"-DQT_SHARED");
				OTHER_LDFLAGS = (
						"-headerpad_max_install_names",
						"-L/Users/dirkfuchs/QtSDK/Desktop/Qt/4.8.1/gcc/lib",
						"-F/Users/dirkfuchs/QtSDK/Desktop/Qt/4.8.1/gcc/lib",
						"-L/usr/local/lib/",
						"-L/usr/local/pgsql/lib",
						"-L/tmp/qt-stuff-85167/source/qt-everywhere-opensource-src-4.8.1/Desktop/Qt/4.8.1/gcc/lib",
						"-F/tmp/qt-stuff-85167/source/qt-everywhere-opensource-src-4.8.1/Desktop/Qt/4.8.1/gcc/lib");
				ARCHS = "x86_64";
			};
			name = "Debug";
		};
		BEC09A62E69C3553534FF35E = {
			isa = XCBuildConfiguration;
			buildSettings = {
				COPY_PHASE_STRIP = "NO";
				GCC_GENERATE_DEBUGGING_SYMBOLS = "YES";
				GCC_OPTIMIZATION_LEVEL = "0";
				PRODUCT_NAME = "BrainiacNG";
				PRODUCT_NAME = "BrainiacNG";
			};
			name = "Debug";
		};
		2C641C3335766025DD51B7BD = {
			buildRules = (
				);
			buildSettings = {
				COPY_PHASE_STRIP = "NO";
				GCC_GENERATE_DEBUGGING_SYMBOLS = "YES";
				GCC_OPTIMIZATION_LEVEL = "0";
				PRODUCT_NAME = "BrainiacNG";
			};
			isa = "PBXBuildStyle";
			name = "Debug";
		};
		D70590BEB531B51029F711BB = {
			isa = XCBuildConfiguration;
			buildSettings = {
				COPY_PHASE_STRIP = "YES";
				GCC_GENERATE_DEBUGGING_SYMBOLS = "NO";
				PRODUCT_NAME = "BrainiacNG";
				HEADER_SEARCH_PATHS = (
					"../../QtSDK/Desktop/Qt/4.8.1/gcc/lib/QtCore.framework/Versions/4/Headers",
					"../../QtSDK/Desktop/Qt/4.8.1/gcc/include/QtCore",
					"../../QtSDK/Desktop/Qt/4.8.1/gcc/lib/QtNetwork.framework/Versions/4/Headers",
					"../../QtSDK/Desktop/Qt/4.8.1/gcc/include/QtNetwork",
					"../../QtSDK/Desktop/Qt/4.8.1/gcc/lib/QtGui.framework/Versions/4/Headers",
					"../../QtSDK/Desktop/Qt/4.8.1/gcc/include/QtGui",
					"../../QtSDK/Desktop/Qt/4.8.1/gcc/lib/QtOpenGL.framework/Versions/4/Headers",
					"../../QtSDK/Desktop/Qt/4.8.1/gcc/include/QtOpenGL",
					"../../QtSDK/Desktop/Qt/4.8.1/gcc/include",
					"/usr/local/include",
					"../../QtSDK/Desktop/Qt/4.8.1/gcc/lib/Qt3D.framework/Versions/1/Headers",
					"/Users/dirkfuchs/QtSDK/Desktop/Qt/4.8.1/gcc/include/Qt3D",
					"/System/Library/Frameworks/OpenGL.framework/Versions/A/Headers",
					"/System/Library/Frameworks/AGL.framework/Headers",
					".",
					".",
					"/usr/local/include",
					"/System/Library/Frameworks/CarbonCore.framework/Headers",
					"../../QtSDK/Desktop/Qt/4.8.1/gcc/mkspecs/macx-xcode");
				LIBRARY_SEARCH_PATHS = (
					"/Users/dirkfuchs/QtSDK/Desktop/Qt/4.8.1/gcc/lib",
					"/usr/local/lib/",
					"/System/Library/Frameworks/",
					"/usr/local/pgsql/lib",
					"/tmp/qt-stuff-85167/source/qt-everywhere-opensource-src-4.8.1/Desktop/Qt/4.8.1/gcc/lib");
				FRAMEWORK_SEARCH_PATHS = (
					"/Users/dirkfuchs/QtSDK/Desktop/Qt/4.8.1/gcc/lib",
					"/Users/dirkfuchs/QtSDK/Desktop/Qt/4.8.1/gcc/lib",
					"/tmp/qt-stuff-85167/source/qt-everywhere-opensource-src-4.8.1/Desktop/Qt/4.8.1/gcc/lib");
				INFOPLIST_FILE = "Info.plist";
				OTHER_CFLAGS = (
					"-pipe",
					"-g",
					"-Wall",
					"-W",
					"-D__LASTCOMMIT__='\"(8c1fcc5d6a45217e9072ea4923f0149951e144d2)\"'",
					"-DQT_OPENGL_LIB",
					"-DQT_GUI_LIB",
					"-DQT_NETWORK_LIB",
					"-DQT_CORE_LIB",
					"-DQT_SHARED");
				OTHER_CPLUSPLUSFLAGS = (
					"-pipe",
					"-g",
					"-FQt3D",
					"-Wall",
					"-W",
					"-D__LASTCOMMIT__='\"(8c1fcc5d6a45217e9072ea4923f0149951e144d2)\"'",
					"-DQT_OPENGL_LIB",
					"-DQT_GUI_LIB",
					"-DQT_NETWORK_LIB",
					"-DQT_CORE_LIB",
					"-DQT_SHARED");
				OTHER_LDFLAGS = (
						"-headerpad_max_install_names",
						"-L/Users/dirkfuchs/QtSDK/Desktop/Qt/4.8.1/gcc/lib",
						"-F/Users/dirkfuchs/QtSDK/Desktop/Qt/4.8.1/gcc/lib",
						"-L/usr/local/lib/",
						"-L/usr/local/pgsql/lib",
						"-L/tmp/qt-stuff-85167/source/qt-everywhere-opensource-src-4.8.1/Desktop/Qt/4.8.1/gcc/lib",
						"-F/tmp/qt-stuff-85167/source/qt-everywhere-opensource-src-4.8.1/Desktop/Qt/4.8.1/gcc/lib");
				ARCHS = "x86_64";
			};
			name = "Release";
		};
		8C7174830A1E4DCBA0332EC1 = {
			isa = XCBuildConfiguration;
			buildSettings = {
				COPY_PHASE_STRIP = "YES";
				GCC_GENERATE_DEBUGGING_SYMBOLS = "NO";
				PRODUCT_NAME = "BrainiacNG";
				PRODUCT_NAME = "BrainiacNG";
			};
			name = "Release";
		};
		26DE8D2AEA4B3714B41E931F = {
			buildRules = (
				);
			buildSettings = {
				COPY_PHASE_STRIP = "YES";
				GCC_GENERATE_DEBUGGING_SYMBOLS = "NO";
				PRODUCT_NAME = "BrainiacNG";
			};
			isa = "PBXBuildStyle";
			name = "Release";
		};
		CC82A9286117DFED018F418F = {
			isa = XCConfigurationList;
			buildConfigurations = (
				"4B72B24813252891014BCF61",
				"D70590BEB531B51029F711BB");
			defaultConfigurationIsVisible = 0;
			defaultConfigurationIsName = "Debug";
		};
		17B3380A4D6A7D415E7F2E1E = {
			isa = XCConfigurationList;
			buildConfigurations = (
				"BEC09A62E69C3553534FF35E",
				"8C7174830A1E4DCBA0332EC1");
			defaultConfigurationIsVisible = 0;
			defaultConfigurationIsName = "Debug";
		};
		91B15E841AA80083484172DE = {
			buildStyles = (
				"2C641C3335766025DD51B7BD",
				"26DE8D2AEA4B3714B41E931F");
			hasScannedForEncodings = 1;
			isa = PBXProject;
			mainGroup = "05596AB53D8D521C69802C27";
			buildConfigurationList = "CC82A9286117DFED018F418F";
			projectDirPath = "";
			targets = (
				"91CE2DC1D88CA48485815A87");
		};
	};
	rootObject = "91B15E841AA80083484172DE";
}
